{
  "version": 4,
  "terraform_version": "1.9.1",
  "serial": 337,
  "lineage": "b24a5977-3d1d-2ab9-d90c-7188c91d3032",
  "outputs": {},
  "resources": [
    {
      "mode": "managed",
      "type": "aws_key_pair",
      "name": "deployer",
      "provider": "provider[\"registry.terraform.io/hashicorp/aws\"]",
      "instances": [
        {
          "schema_version": 1,
          "attributes": {
            "arn": "arn:aws:ec2:ap-northeast-1:975050050239:key-pair/deployer-key-default",
            "fingerprint": "19:ee:e4:93:2e:d0:b1:f0:b4:65:81:62:02:31:2f:05",
            "id": "deployer-key-default",
            "key_name": "deployer-key-default",
            "key_name_prefix": "",
            "key_pair_id": "key-0345182094869c5cf",
            "key_type": "rsa",
            "public_key": "ssh-rsa AAAAB3NzaC1yc2EAAAADAQABAAACAQDbs63m7cYRPS3qraFbptE8Ibdxh/NWzyt3KpfoOy8bMG23ykPuCLPF+SNKZyl+8u/UKJs5yTntnF6E84uDVI47vNit83o7U+QdibG3dnUxghBItUrABRj7k2T/yrUVmlTYlr+Q+3cL4lKXsckLAADqtUBsaPyEXbZmk+uOosc2r6m0ldFWvcvYTb+WFNMhh0kqBolY8EI+43Cyc61W+TlunJ9VMlaZ88c4t2+vfynaZgYcw0V1+FwAKVesnflM2Fuc6I4nH1h3ne/vvn4slVZ+bFuzoz9qUW1MXwZ3Q0v7v0mcrVfrqYrWXt6cuSEAB/lBXHzIWqgmKYTZ/Z1M6aisBbUAy70Tmhjlx29cVWVEGwTJhpTQ6AmThnNKmIumoSsZ4cv/uJHOjZoRjLbAXB9o8BaKfYtnQRulvfpIAvRlkSNmsCcPti2GWtBSbhC8Z5z2jqle03CUN4wJFwPwvQEC3A1k/s2dLnPeiMGsH2XmpjrdCI8wyF/nxkR6sMgHSCEI9k1xtMcfoiwDNUg+mI/kY5WZEqCm1NmVJDFtCn++GQ25OBQPWxHkPkwlVqckccbxc/TvLTwj/sdhGdiMRCLZEt9CHqk6ArT/iHvTAi3UelKLtqmf4KL71VltoRqOeVNIIfQCl2eznEZF/h4C9pBDh4TazLYLpWACg7LYExsexw==",
            "tags": null,
            "tags_all": {}
          },
          "sensitive_attributes": [],
          "private": "eyJzY2hlbWFfdmVyc2lvbiI6IjEifQ==",
          "dependencies": [
            "tls_private_key.ssh-key"
          ],
          "create_before_destroy": true
        }
      ]
    },
    {
      "mode": "managed",
      "type": "aws_lb",
      "name": "alb4public",
      "provider": "provider[\"registry.terraform.io/hashicorp/aws\"]",
      "instances": [
        {
          "schema_version": 0,
          "attributes": {
            "access_logs": [
              {
                "bucket": "",
                "enabled": false,
                "prefix": ""
              }
            ],
            "arn": "arn:aws:elasticloadbalancing:ap-northeast-1:975050050239:loadbalancer/app/alb-for-public-subnets/d82d9c2d3298136d",
            "arn_suffix": "app/alb-for-public-subnets/d82d9c2d3298136d",
            "client_keep_alive": 3600,
            "connection_logs": [
              {
                "bucket": "",
                "enabled": false,
                "prefix": ""
              }
            ],
            "customer_owned_ipv4_pool": "",
            "desync_mitigation_mode": "defensive",
            "dns_name": "alb-for-public-subnets-1388787724.ap-northeast-1.elb.amazonaws.com",
            "dns_record_client_routing_policy": null,
            "drop_invalid_header_fields": false,
            "enable_cross_zone_load_balancing": true,
            "enable_deletion_protection": false,
            "enable_http2": true,
            "enable_tls_version_and_cipher_suite_headers": false,
            "enable_waf_fail_open": false,
            "enable_xff_client_port": false,
            "enforce_security_group_inbound_rules_on_private_link_traffic": "",
            "id": "arn:aws:elasticloadbalancing:ap-northeast-1:975050050239:loadbalancer/app/alb-for-public-subnets/d82d9c2d3298136d",
            "idle_timeout": 60,
            "internal": false,
            "ip_address_type": "ipv4",
            "load_balancer_type": "application",
            "name": "alb-for-public-subnets",
            "name_prefix": "",
            "preserve_host_header": false,
            "security_groups": [
              "sg-030c7176ed40b3be2"
            ],
            "subnet_mapping": [
              {
                "allocation_id": "",
                "ipv6_address": "",
                "outpost_id": "",
                "private_ipv4_address": "",
                "subnet_id": "subnet-0c7d124fbc104f688"
              },
              {
                "allocation_id": "",
                "ipv6_address": "",
                "outpost_id": "",
                "private_ipv4_address": "",
                "subnet_id": "subnet-0d0a045e58f6d429f"
              }
            ],
            "subnets": [
              "subnet-0c7d124fbc104f688",
              "subnet-0d0a045e58f6d429f"
            ],
            "tags": {
              "Environment": "test"
            },
            "tags_all": {
              "Environment": "test"
            },
            "timeouts": null,
            "vpc_id": "vpc-0cd4901dc32991711",
            "xff_header_processing_mode": "append",
            "zone_id": "Z14GRHDCWA56QT"
          },
          "sensitive_attributes": [],
          "private": "eyJlMmJmYjczMC1lY2FhLTExZTYtOGY4OC0zNDM2M2JjN2M0YzAiOnsiY3JlYXRlIjo2MDAwMDAwMDAwMDAsImRlbGV0ZSI6NjAwMDAwMDAwMDAwLCJ1cGRhdGUiOjYwMDAwMDAwMDAwMH19",
          "dependencies": [
            "module.vpc.aws_subnet.public",
            "module.vpc.aws_vpc.this",
            "module.vpc.aws_vpc_ipv4_cidr_block_association.this"
          ]
        }
      ]
    },
    {
      "mode": "managed",
      "type": "aws_lb",
      "name": "nlb4private",
      "provider": "provider[\"registry.terraform.io/hashicorp/aws\"]",
      "instances": [
        {
          "schema_version": 0,
          "attributes": {
            "access_logs": [
              {
                "bucket": "",
                "enabled": false,
                "prefix": ""
              }
            ],
            "arn": "arn:aws:elasticloadbalancing:ap-northeast-1:975050050239:loadbalancer/net/nlb-for-private-subnets/0628338a8675a6c2",
            "arn_suffix": "net/nlb-for-private-subnets/0628338a8675a6c2",
            "client_keep_alive": null,
            "connection_logs": [],
            "customer_owned_ipv4_pool": "",
            "desync_mitigation_mode": null,
            "dns_name": "nlb-for-private-subnets-0628338a8675a6c2.elb.ap-northeast-1.amazonaws.com",
            "dns_record_client_routing_policy": "any_availability_zone",
            "drop_invalid_header_fields": null,
            "enable_cross_zone_load_balancing": false,
            "enable_deletion_protection": false,
            "enable_http2": null,
            "enable_tls_version_and_cipher_suite_headers": null,
            "enable_waf_fail_open": null,
            "enable_xff_client_port": null,
            "enforce_security_group_inbound_rules_on_private_link_traffic": "",
            "id": "arn:aws:elasticloadbalancing:ap-northeast-1:975050050239:loadbalancer/net/nlb-for-private-subnets/0628338a8675a6c2",
            "idle_timeout": null,
            "internal": false,
            "ip_address_type": "ipv4",
            "load_balancer_type": "network",
            "name": "nlb-for-private-subnets",
            "name_prefix": "",
            "preserve_host_header": null,
            "security_groups": [
              "sg-030c7176ed40b3be2"
            ],
            "subnet_mapping": [
              {
                "allocation_id": "",
                "ipv6_address": "",
                "outpost_id": "",
                "private_ipv4_address": "",
                "subnet_id": "subnet-01b6113d26ad6d9e5"
              },
              {
                "allocation_id": "",
                "ipv6_address": "",
                "outpost_id": "",
                "private_ipv4_address": "",
                "subnet_id": "subnet-0c4cc4a6c632c1023"
              }
            ],
            "subnets": [
              "subnet-01b6113d26ad6d9e5",
              "subnet-0c4cc4a6c632c1023"
            ],
            "tags": {
              "Environment": "test"
            },
            "tags_all": {
              "Environment": "test"
            },
            "timeouts": null,
            "vpc_id": "vpc-0cd4901dc32991711",
            "xff_header_processing_mode": null,
            "zone_id": "Z31USIVHYNEOWT"
          },
          "sensitive_attributes": [],
          "private": "eyJlMmJmYjczMC1lY2FhLTExZTYtOGY4OC0zNDM2M2JjN2M0YzAiOnsiY3JlYXRlIjo2MDAwMDAwMDAwMDAsImRlbGV0ZSI6NjAwMDAwMDAwMDAwLCJ1cGRhdGUiOjYwMDAwMDAwMDAwMH19",
          "dependencies": [
            "module.vpc.aws_subnet.private",
            "module.vpc.aws_vpc.this",
            "module.vpc.aws_vpc_ipv4_cidr_block_association.this"
          ]
        }
      ]
    },
    {
      "mode": "managed",
      "type": "aws_lb_listener",
      "name": "alb4public-listener",
      "provider": "provider[\"registry.terraform.io/hashicorp/aws\"]",
      "instances": [
        {
          "schema_version": 0,
          "attributes": {
            "alpn_policy": null,
            "arn": "arn:aws:elasticloadbalancing:ap-northeast-1:975050050239:listener/app/alb-for-public-subnets/d82d9c2d3298136d/d24120a9ea127927",
            "certificate_arn": null,
            "default_action": [
              {
                "authenticate_cognito": [],
                "authenticate_oidc": [],
                "fixed_response": [],
                "forward": [],
                "order": 1,
                "redirect": [],
                "target_group_arn": "arn:aws:elasticloadbalancing:ap-northeast-1:975050050239:targetgroup/alb4public-instance/abe32b2703edc978",
                "type": "forward"
              }
            ],
            "id": "arn:aws:elasticloadbalancing:ap-northeast-1:975050050239:listener/app/alb-for-public-subnets/d82d9c2d3298136d/d24120a9ea127927",
            "load_balancer_arn": "arn:aws:elasticloadbalancing:ap-northeast-1:975050050239:loadbalancer/app/alb-for-public-subnets/d82d9c2d3298136d",
            "mutual_authentication": [],
            "port": 80,
            "protocol": "HTTP",
            "ssl_policy": "",
            "tags": null,
            "tags_all": {},
            "timeouts": null
          },
          "sensitive_attributes": [],
          "private": "eyJlMmJmYjczMC1lY2FhLTExZTYtOGY4OC0zNDM2M2JjN2M0YzAiOnsiY3JlYXRlIjozMDAwMDAwMDAwMDAsInVwZGF0ZSI6MzAwMDAwMDAwMDAwfX0=",
          "dependencies": [
            "aws_lb.alb4public",
            "aws_lb_target_group.alb4public-instance",
            "module.vpc.aws_subnet.public",
            "module.vpc.aws_vpc.this",
            "module.vpc.aws_vpc_ipv4_cidr_block_association.this"
          ]
        }
      ]
    },
    {
      "mode": "managed",
      "type": "aws_lb_listener",
      "name": "nlb4private-listener",
      "provider": "provider[\"registry.terraform.io/hashicorp/aws\"]",
      "instances": [
        {
          "schema_version": 0,
          "attributes": {
            "alpn_policy": null,
            "arn": "arn:aws:elasticloadbalancing:ap-northeast-1:975050050239:listener/net/nlb-for-private-subnets/0628338a8675a6c2/bad80ef851fd86cb",
            "certificate_arn": null,
            "default_action": [
              {
                "authenticate_cognito": [],
                "authenticate_oidc": [],
                "fixed_response": [],
                "forward": [],
                "order": 1,
                "redirect": [],
                "target_group_arn": "arn:aws:elasticloadbalancing:ap-northeast-1:975050050239:targetgroup/nlb4private-instance/6769251803e8b5d0",
                "type": "forward"
              }
            ],
            "id": "arn:aws:elasticloadbalancing:ap-northeast-1:975050050239:listener/net/nlb-for-private-subnets/0628338a8675a6c2/bad80ef851fd86cb",
            "load_balancer_arn": "arn:aws:elasticloadbalancing:ap-northeast-1:975050050239:loadbalancer/net/nlb-for-private-subnets/0628338a8675a6c2",
            "mutual_authentication": [],
            "port": 22,
            "protocol": "TCP",
            "ssl_policy": "",
            "tags": null,
            "tags_all": {},
            "timeouts": null
          },
          "sensitive_attributes": [],
          "private": "eyJlMmJmYjczMC1lY2FhLTExZTYtOGY4OC0zNDM2M2JjN2M0YzAiOnsiY3JlYXRlIjozMDAwMDAwMDAwMDAsInVwZGF0ZSI6MzAwMDAwMDAwMDAwfX0=",
          "dependencies": [
            "aws_lb.nlb4private",
            "aws_lb_target_group.nlb4private-instance",
            "module.vpc.aws_subnet.private",
            "module.vpc.aws_vpc.this",
            "module.vpc.aws_vpc_ipv4_cidr_block_association.this"
          ]
        }
      ]
    },
    {
      "mode": "managed",
      "type": "aws_lb_target_group",
      "name": "alb4public-instance",
      "provider": "provider[\"registry.terraform.io/hashicorp/aws\"]",
      "instances": [
        {
          "schema_version": 0,
          "attributes": {
            "arn": "arn:aws:elasticloadbalancing:ap-northeast-1:975050050239:targetgroup/alb4public-instance/abe32b2703edc978",
            "arn_suffix": "targetgroup/alb4public-instance/abe32b2703edc978",
            "connection_termination": null,
            "deregistration_delay": "300",
            "health_check": [
              {
                "enabled": true,
                "healthy_threshold": 5,
                "interval": 30,
                "matcher": "200-299",
                "path": "/",
                "port": "traffic-port",
                "protocol": "HTTP",
                "timeout": 5,
                "unhealthy_threshold": 2
              }
            ],
            "id": "arn:aws:elasticloadbalancing:ap-northeast-1:975050050239:targetgroup/alb4public-instance/abe32b2703edc978",
            "ip_address_type": "ipv4",
            "lambda_multi_value_headers_enabled": false,
            "load_balancer_arns": [],
            "load_balancing_algorithm_type": "round_robin",
            "load_balancing_anomaly_mitigation": "off",
            "load_balancing_cross_zone_enabled": "use_load_balancer_configuration",
            "name": "alb4public-instance",
            "name_prefix": "",
            "port": 80,
            "preserve_client_ip": null,
            "protocol": "HTTP",
            "protocol_version": "HTTP1",
            "proxy_protocol_v2": false,
            "slow_start": 0,
            "stickiness": [
              {
                "cookie_duration": 86400,
                "cookie_name": "",
                "enabled": false,
                "type": "lb_cookie"
              }
            ],
            "tags": null,
            "tags_all": {},
            "target_failover": [
              {
                "on_deregistration": null,
                "on_unhealthy": null
              }
            ],
            "target_health_state": [
              {
                "enable_unhealthy_connection_termination": null
              }
            ],
            "target_type": "instance",
            "vpc_id": "vpc-0cd4901dc32991711"
          },
          "sensitive_attributes": [],
          "private": "bnVsbA==",
          "dependencies": [
            "module.vpc.aws_vpc.this"
          ],
          "create_before_destroy": true
        }
      ]
    },
    {
      "mode": "managed",
      "type": "aws_lb_target_group",
      "name": "nlb4private-instance",
      "provider": "provider[\"registry.terraform.io/hashicorp/aws\"]",
      "instances": [
        {
          "schema_version": 0,
          "attributes": {
            "arn": "arn:aws:elasticloadbalancing:ap-northeast-1:975050050239:targetgroup/nlb4private-instance/6769251803e8b5d0",
            "arn_suffix": "targetgroup/nlb4private-instance/6769251803e8b5d0",
            "connection_termination": false,
            "deregistration_delay": "300",
            "health_check": [
              {
                "enabled": true,
                "healthy_threshold": 5,
                "interval": 30,
                "matcher": "200-299",
                "path": "/",
                "port": "traffic-port",
                "protocol": "HTTP",
                "timeout": 5,
                "unhealthy_threshold": 2
              }
            ],
            "id": "arn:aws:elasticloadbalancing:ap-northeast-1:975050050239:targetgroup/nlb4private-instance/6769251803e8b5d0",
            "ip_address_type": "ipv4",
            "lambda_multi_value_headers_enabled": false,
            "load_balancer_arns": [],
            "load_balancing_algorithm_type": null,
            "load_balancing_anomaly_mitigation": null,
            "load_balancing_cross_zone_enabled": "use_load_balancer_configuration",
            "name": "nlb4private-instance",
            "name_prefix": "",
            "port": 22,
            "preserve_client_ip": "true",
            "protocol": "TCP",
            "protocol_version": null,
            "proxy_protocol_v2": false,
            "slow_start": 0,
            "stickiness": [
              {
                "cookie_duration": 0,
                "cookie_name": "",
                "enabled": false,
                "type": "source_ip"
              }
            ],
            "tags": null,
            "tags_all": {},
            "target_failover": [
              {
                "on_deregistration": null,
                "on_unhealthy": null
              }
            ],
            "target_health_state": [
              {
                "enable_unhealthy_connection_termination": true
              }
            ],
            "target_type": "instance",
            "vpc_id": "vpc-0cd4901dc32991711"
          },
          "sensitive_attributes": [],
          "private": "bnVsbA==",
          "dependencies": [
            "module.vpc.aws_vpc.this"
          ],
          "create_before_destroy": true
        }
      ]
    },
    {
      "mode": "managed",
      "type": "local_file",
      "name": "ssh_key",
      "provider": "provider[\"registry.terraform.io/hashicorp/local\"]",
      "instances": [
        {
          "schema_version": 0,
          "attributes": {
            "content": "-----BEGIN RSA PRIVATE KEY-----\nMIIJJwIBAAKCAgEA27Ot5u3GET0t6q2hW6bRPCG3cYfzVs8rdyqX6DsvGzBtt8pD\n7gizxfkjSmcpfvLv1CibOck57ZxehPOLg1SOO7zYrfN6O1PkHYmxt3Z1MYIQSLVK\nwAUY+5Nk/8q1FZpU2Ja/kPt3C+JSl7HJCwAA6rVAbGj8hF22ZpPrjqLHNq+ptJXR\nVr3L2E2/lhTTIYdJKgaJWPBCPuNwsnOtVvk5bpyfVTJWmfPHOLdvr38p2mYGHMNF\ndfhcAClXrJ35TNhbnOiOJx9Yd53v775+LJVWfmxbs6M/alFtTF8Gd0NL+79JnK1X\n66mK1l7enLkhAAf5QVx8yFqoJimE2f2dTOmorAW1AMu9E5oY5cdvXFVlRBsEyYaU\n0OgJk4ZzSpiLpqErGeHL/7iRzo2aEYy2wFwfaPAWin2LZ0Ebpb36SAL0ZZEjZrAn\nD7YthlrQUm4QvGec9o6pXtNwlDeMCRcD8L0BAtwNZP7NnS5z3ojBrB9l5qY63QiP\nMMhf58ZEerDIB0ghCPZNcbTHH6IsAzVIPpiP5GOVmRKgptTZlSQxbQp/vhkNuTgU\nD1sR5D5MJVanJHHG8XP07y08I/7HYRnYjEQi2RLfQh6pOgK0/4h70wIt1HpSi7ap\nn+Ci+9VZbaEajnlTSCH0Apdns5xGRf4eAvaQQ4eE2sy2C6VgAoOy2BMbHscCAwEA\nAQKCAgBwXsZjhtn3l0MU9RnCtt/t0ZDyEIb1r6Cbor1vmlXNokd76Yg1B15rs7HJ\nLFqdA8SGzv4V4EYwsfnmJmsFEQpuo3hwAEhUb+QM95BeNchbOhr6FT/WVsUgZ5MR\nAaz9D6K15OS2UufgvDFiRRx+89GEOpBo4onFaekRLjcdDUS3Q8GZC8e2hfzs9Vc4\nfA5A5+EUDaPSSZCYedv6ahAOnAoz+QfFm6mPtJABAlGtgWz2t5gIvheY7x6fNoYR\nU/tewoqZBpkuiWnGRJGkHdqLExbaMrH0f1rAFkXA+hlkhpcmfAA6kq6VanIIkx1p\nK4clbO6f754jG7tFSZcZqA38eMY7wzyQuNaJ031JIJEPEXpxRYhAaSSytLfdM7qD\npqMT5agOf26JvNoOEZEKMjFdOnT1n0Y4AdJHhJ8Hyqbj6++8y7fcu19RS8/aVbY3\n5U73bfXpaKMQg/+FgK7JlHKGEhkWQAIQlonnw6vWQer3gspnkXImEOMUz0I1lqDE\nuPLVBRowDc3LK4rZCxSJsSuYxLW3C3y+DjaS5iaUcBW06yV+KBYSlu0zzfI2kwNh\nTdG3j5sAylgaYtaa+t+VijwG9NsZULY3RKiU/p16xFifOcE+o4/PcLUYLBVkXp4L\ni3bVPZm/DMyUonPueQli+QJgeGk4RxN2aKvb0nMpP1Dmpi1/gQKCAQEA5ntTECwW\n6O9RvR2IIGbPkWuciNp81SaWrmSCNahnYyidgEDGEzmkrx4zFw8FzDbH27g6TKpQ\n1i7UTf0WJOZmuGPpgqyX/ldgIqKGcqGPUb48MKeAutY7K0nZ3cEslGP7fgRkk9/s\nerwKFso6fUX6RsxxAdSfxsuseG/C5QUvLlOeI/8d9VcCQvTdGa1Bv9xzIgldFSFP\nDu5b5s3wJ5u7gJ2n+f8LhM46+rAIUta19Dfti2tmvJCaj4uMmLAPS0CNMfjePcIL\nlbuSQMykEVwkKWexGaz37+dYunUYR6SjjllwYz/Ima5d2sjv0nLI9+risAYV8szi\nCvJlJ47IwpehdQKCAQEA9AbQo67IUNFg+pnOE+2xg2pznA3xJUHrSA1h2vRlbDsH\n3w+8zA0sl0AlzBTam/1HmZfvGywLXgtk+dX7GiWigF1saYGz4Cb+8769Owu71V76\nKhnexny0NE5TXnAkiSeI8o/HaKYYtYYFN+oNcy/aEzqtAt7v7zIxlURRcaUqhbUP\nmjwNK2m5vLavSj5o3Xpo0LtzgW71zBQUCpmVExQVjeWJwBmTk3/egGMjHZMMW3JL\n1z1ecYSStcg61FyI0YVxDtlgX75LVMK71oFVK3gtaGQMllqOg8DEEThTkOtXo2CD\nQfm+s/l7DHUuEnSnpOFfAa9sC2H60LDa7Xnq9+PbywKCAQAFvUx0OqTXaB5A91tM\nc0L3/BYJ0mcJZ8yYyyfy7h6k+X3yk6pbEDRpp/bdvCII09RmRFAvWI5qxv/CcWr7\nwEEOlm5aMrIWQ1bBhgqTEDLhdjtJeuJZxLv0eAJU41qY12SL3tAiXpEk/UnDB4Yt\nWHDDEpQ9122jJa9F0IKp8VcbcDmf69pzIZeM00wuN4JLpNG5J0KKJCoz1Pu046v3\nUIl6ynJEZ3WB+SC+3WNXrMEbM8lWj3Yfe/pdWLxHkRrQZOsfM3NVVl+zethJhM8R\nH5pG7a4bVZNXBgvPmNrh7dek09VYo137dbwglqBiPTmD8vVyLLSfNzrpyt95/LRD\nJEOBAoIBAH64v0YQ8MNPR847atHcgG9fK3QhpVWUusrq8CMVAUpICVljwcYxHTPa\nQwaM2c1hpPn09V0l7S1EO4amAUTdwFpqqW7MxQ0lEwaeyYPNHxi5vq14S8DFZ4s2\nFYMYN1DmL+7OjV4hyvkRBMq5h4yGj/emY8v226Bab3c1SBn9DGzszpJoluoxeBuw\nvqyOZkSFWcLzZRMU/R2iW5n5kXmb12mdhoA0h/dz0qbXVJf6EdO3Mf0vSEko8Ero\nFOzMtNwhMMnmRm7R0irNCWBmP0VYnjP0qLi3hASVaPwMRREftZ4I84CiYc7yQl0A\nyREadShhRMYKQ9BRbD9NaBMkWcmrESsCggEAVUWfpqCg9/GFdoyISU4NXQOHFY26\nO/UBJpFCzyu/GvzLcbOqKPf009OcNeWe3pUEz2e6hsXCspl2oQA5W6FdfMzLdkSI\nub6wLIONneWQbdPoThazSW4M3Bngdx/lmC1pf7XSFBEOFqTj0N0SxvjT0TiTWnTZ\nhedHJd1wWrKtQalji79ZmF2oJnxPu+A1aqG4G8DxAoIW70zRpMnVGFXwNTLTrfnZ\n5Y2PnIdA4VIwoFjStYFGsFJtl80z06lsXIKWVju8YdhiQKqaV0EKzB7mOjyW1Wpj\nY1K/Z2t5y5MUjTwXWoWywqBmhGMRmgagwBLGSJQ+5DdyynDKLO+dcHRWQQ==\n-----END RSA PRIVATE KEY-----\n",
            "content_base64": null,
            "content_base64sha256": "v85wmBJfgD1ZUExhefEVyr/qAJN+gBQ97tAP66jEehY=",
            "content_base64sha512": "qp0jt4qR2gNNQquUKdipwmPhGv1W8WAf2GwsKj8v1STM5wh04glIjaNAZwRqwBMLoR5xrPzMwKt2BvquJ6AW8A==",
            "content_md5": "d75cc65f6b9effd1ca1337ec15978032",
            "content_sha1": "c04dd6161024eb32428fe7f6df827bf2fd3a751b",
            "content_sha256": "bfce7098125f803d59504c6179f115cabfea00937e80143deed00feba8c47a16",
            "content_sha512": "aa9d23b78a91da034d42ab9429d8a9c263e11afd56f1601fd86c2c2a3f2fd524cce70874e209488da34067046ac0130ba11e71acfcccc0ab7606faae27a016f0",
            "directory_permission": "0777",
            "file_permission": "0777",
            "filename": "deployer-key-default.pem",
            "id": "c04dd6161024eb32428fe7f6df827bf2fd3a751b",
            "sensitive_content": null,
            "source": null
          },
          "sensitive_attributes": [
            [
              {
                "type": "get_attr",
                "value": "sensitive_content"
              }
            ],
            [
              {
                "type": "get_attr",
                "value": "content"
              }
            ]
          ],
          "dependencies": [
            "aws_key_pair.deployer",
            "tls_private_key.ssh-key"
          ]
        }
      ]
    },
    {
      "mode": "managed",
      "type": "tls_private_key",
      "name": "ssh-key",
      "provider": "provider[\"registry.terraform.io/hashicorp/tls\"]",
      "instances": [
        {
          "schema_version": 1,
          "attributes": {
            "algorithm": "RSA",
            "ecdsa_curve": "P224",
            "id": "9f9fd5bcd92e8b24d8ddc0f88da84f42f7f7340e",
            "private_key_openssh": "-----BEGIN OPENSSH PRIVATE KEY-----\nb3BlbnNzaC1rZXktdjEAAAAABG5vbmUAAAAEbm9uZQAAAAAAAAABAAACFwAAAAdz\nc2gtcnNhAAAAAwEAAQAAAgEA27Ot5u3GET0t6q2hW6bRPCG3cYfzVs8rdyqX6Dsv\nGzBtt8pD7gizxfkjSmcpfvLv1CibOck57ZxehPOLg1SOO7zYrfN6O1PkHYmxt3Z1\nMYIQSLVKwAUY+5Nk/8q1FZpU2Ja/kPt3C+JSl7HJCwAA6rVAbGj8hF22ZpPrjqLH\nNq+ptJXRVr3L2E2/lhTTIYdJKgaJWPBCPuNwsnOtVvk5bpyfVTJWmfPHOLdvr38p\n2mYGHMNFdfhcAClXrJ35TNhbnOiOJx9Yd53v775+LJVWfmxbs6M/alFtTF8Gd0NL\n+79JnK1X66mK1l7enLkhAAf5QVx8yFqoJimE2f2dTOmorAW1AMu9E5oY5cdvXFVl\nRBsEyYaU0OgJk4ZzSpiLpqErGeHL/7iRzo2aEYy2wFwfaPAWin2LZ0Ebpb36SAL0\nZZEjZrAnD7YthlrQUm4QvGec9o6pXtNwlDeMCRcD8L0BAtwNZP7NnS5z3ojBrB9l\n5qY63QiPMMhf58ZEerDIB0ghCPZNcbTHH6IsAzVIPpiP5GOVmRKgptTZlSQxbQp/\nvhkNuTgUD1sR5D5MJVanJHHG8XP07y08I/7HYRnYjEQi2RLfQh6pOgK0/4h70wIt\n1HpSi7apn+Ci+9VZbaEajnlTSCH0Apdns5xGRf4eAvaQQ4eE2sy2C6VgAoOy2BMb\nHscAAAc4YGe0NmBntDYAAAAHc3NoLXJzYQAAAgEA27Ot5u3GET0t6q2hW6bRPCG3\ncYfzVs8rdyqX6DsvGzBtt8pD7gizxfkjSmcpfvLv1CibOck57ZxehPOLg1SOO7zY\nrfN6O1PkHYmxt3Z1MYIQSLVKwAUY+5Nk/8q1FZpU2Ja/kPt3C+JSl7HJCwAA6rVA\nbGj8hF22ZpPrjqLHNq+ptJXRVr3L2E2/lhTTIYdJKgaJWPBCPuNwsnOtVvk5bpyf\nVTJWmfPHOLdvr38p2mYGHMNFdfhcAClXrJ35TNhbnOiOJx9Yd53v775+LJVWfmxb\ns6M/alFtTF8Gd0NL+79JnK1X66mK1l7enLkhAAf5QVx8yFqoJimE2f2dTOmorAW1\nAMu9E5oY5cdvXFVlRBsEyYaU0OgJk4ZzSpiLpqErGeHL/7iRzo2aEYy2wFwfaPAW\nin2LZ0Ebpb36SAL0ZZEjZrAnD7YthlrQUm4QvGec9o6pXtNwlDeMCRcD8L0BAtwN\nZP7NnS5z3ojBrB9l5qY63QiPMMhf58ZEerDIB0ghCPZNcbTHH6IsAzVIPpiP5GOV\nmRKgptTZlSQxbQp/vhkNuTgUD1sR5D5MJVanJHHG8XP07y08I/7HYRnYjEQi2RLf\nQh6pOgK0/4h70wIt1HpSi7apn+Ci+9VZbaEajnlTSCH0Apdns5xGRf4eAvaQQ4eE\n2sy2C6VgAoOy2BMbHscAAAADAQABAAACAHBexmOG2feXQxT1GcK23+3RkPIQhvWv\noJuivW+aVc2iR3vpiDUHXmuzscksWp0DxIbO/hXgRjCx+eYmawURCm6jeHAASFRv\n5Az3kF41yFs6GvoVP9ZWxSBnkxEBrP0PorXk5LZS5+C8MWJFHH7z0YQ6kGjiicVp\n6REuNx0NRLdDwZkLx7aF/Oz1Vzh8DkDn4RQNo9JJkJh52/pqEA6cCjP5B8WbqY+0\nkAECUa2BbPa3mAi+F5jvHp82hhFT+17CipkGmS6JacZEkaQd2osTFtoysfR/WsAW\nRcD6GWSGlyZ8ADqSrpVqcgiTHWkrhyVs7p/vniMbu0VJlxmoDfx4xjvDPJC41onT\nfUkgkQ8RenFFiEBpJLK0t90zuoOmoxPlqA5/bom82g4RkQoyMV06dPWfRjgB0keE\nnwfKpuPr77zLt9y7X1FLz9pVtjflTvdt9elooxCD/4WArsmUcoYSGRZAAhCWiefD\nq9ZB6veCymeRciYQ4xTPQjWWoMS48tUFGjANzcsritkLFImxK5jEtbcLfL4ONpLm\nJpRwFbTrJX4oFhKW7TPN8jaTA2FN0bePmwDKWBpi1pr635WKPAb02xlQtjdEqJT+\nnXrEWJ85wT6jj89wtRgsFWRenguLdtU9mb8MzJSic+55CWL5AmB4aThHE3Zoq9vS\ncyk/UOamLX+BAAABAFVFn6agoPfxhXaMiElODV0DhxWNujv1ASaRQs8rvxr8y3Gz\nqij39NPTnDXlnt6VBM9nuobFwrKZdqEAOVuhXXzMy3ZEiLm+sCyDjZ3lkG3T6E4W\ns0luDNwZ4Hcf5ZgtaX+10hQRDhak49DdEsb409E4k1p02YXnRyXdcFqyrUGpY4u/\nWZhdqCZ8T7vgNWqhuBvA8QKCFu9M0aTJ1RhV8DUy06352eWNj5yHQOFSMKBY0rWB\nRrBSbZfNM9OpbFyCllY7vGHYYkCqmldBCswe5jo8ltVqY2NSv2drecuTFI08F1qF\nssKgZoRjEZoGoMASxkiUPuQ3cspwyizvnXB0VkEAAAEBAOZ7UxAsFujvUb0diCBm\nz5FrnIjafNUmlq5kgjWoZ2MonYBAxhM5pK8eMxcPBcw2x9u4OkyqUNYu1E39FiTm\nZrhj6YKsl/5XYCKihnKhj1G+PDCngLrWOytJ2d3BLJRj+34EZJPf7Hq8ChbKOn1F\n+kbMcQHUn8bLrHhvwuUFLy5TniP/HfVXAkL03RmtQb/ccyIJXRUhTw7uW+bN8Ceb\nu4Cdp/n/C4TOOvqwCFLWtfQ37YtrZryQmo+LjJiwD0tAjTH43j3CC5W7kkDMpBFc\nJClnsRms9+/nWLp1GEeko45ZcGM/yJmuXdrI79JyyPfq4rAGFfLM4gryZSeOyMKX\noXUAAAEBAPQG0KOuyFDRYPqZzhPtsYNqc5wN8SVB60gNYdr0ZWw7B98PvMwNLJdA\nJcwU2pv9R5mX7xssC14LZPnV+xolooBdbGmBs+Am/vO+vTsLu9Ve+ioZ3sZ8tDRO\nU15wJIkniPKPx2imGLWGBTfqDXMv2hM6rQLe7+8yMZVEUXGlKoW1D5o8DStpuby2\nr0o+aN16aNC7c4Fu9cwUFAqZlRMUFY3licAZk5N/3oBjIx2TDFtyS9c9XnGEkrXI\nOtRciNGFcQ7ZYF++S1TCu9aBVSt4LWhkDJZajoPAxBE4U5DrV6Ngg0H5vrP5ewx1\nLhJ0p6ThXwGvbAth+tCw2u156vfj28sAAAAAAQID\n-----END OPENSSH PRIVATE KEY-----\n",
            "private_key_pem": "-----BEGIN RSA PRIVATE KEY-----\nMIIJJwIBAAKCAgEA27Ot5u3GET0t6q2hW6bRPCG3cYfzVs8rdyqX6DsvGzBtt8pD\n7gizxfkjSmcpfvLv1CibOck57ZxehPOLg1SOO7zYrfN6O1PkHYmxt3Z1MYIQSLVK\nwAUY+5Nk/8q1FZpU2Ja/kPt3C+JSl7HJCwAA6rVAbGj8hF22ZpPrjqLHNq+ptJXR\nVr3L2E2/lhTTIYdJKgaJWPBCPuNwsnOtVvk5bpyfVTJWmfPHOLdvr38p2mYGHMNF\ndfhcAClXrJ35TNhbnOiOJx9Yd53v775+LJVWfmxbs6M/alFtTF8Gd0NL+79JnK1X\n66mK1l7enLkhAAf5QVx8yFqoJimE2f2dTOmorAW1AMu9E5oY5cdvXFVlRBsEyYaU\n0OgJk4ZzSpiLpqErGeHL/7iRzo2aEYy2wFwfaPAWin2LZ0Ebpb36SAL0ZZEjZrAn\nD7YthlrQUm4QvGec9o6pXtNwlDeMCRcD8L0BAtwNZP7NnS5z3ojBrB9l5qY63QiP\nMMhf58ZEerDIB0ghCPZNcbTHH6IsAzVIPpiP5GOVmRKgptTZlSQxbQp/vhkNuTgU\nD1sR5D5MJVanJHHG8XP07y08I/7HYRnYjEQi2RLfQh6pOgK0/4h70wIt1HpSi7ap\nn+Ci+9VZbaEajnlTSCH0Apdns5xGRf4eAvaQQ4eE2sy2C6VgAoOy2BMbHscCAwEA\nAQKCAgBwXsZjhtn3l0MU9RnCtt/t0ZDyEIb1r6Cbor1vmlXNokd76Yg1B15rs7HJ\nLFqdA8SGzv4V4EYwsfnmJmsFEQpuo3hwAEhUb+QM95BeNchbOhr6FT/WVsUgZ5MR\nAaz9D6K15OS2UufgvDFiRRx+89GEOpBo4onFaekRLjcdDUS3Q8GZC8e2hfzs9Vc4\nfA5A5+EUDaPSSZCYedv6ahAOnAoz+QfFm6mPtJABAlGtgWz2t5gIvheY7x6fNoYR\nU/tewoqZBpkuiWnGRJGkHdqLExbaMrH0f1rAFkXA+hlkhpcmfAA6kq6VanIIkx1p\nK4clbO6f754jG7tFSZcZqA38eMY7wzyQuNaJ031JIJEPEXpxRYhAaSSytLfdM7qD\npqMT5agOf26JvNoOEZEKMjFdOnT1n0Y4AdJHhJ8Hyqbj6++8y7fcu19RS8/aVbY3\n5U73bfXpaKMQg/+FgK7JlHKGEhkWQAIQlonnw6vWQer3gspnkXImEOMUz0I1lqDE\nuPLVBRowDc3LK4rZCxSJsSuYxLW3C3y+DjaS5iaUcBW06yV+KBYSlu0zzfI2kwNh\nTdG3j5sAylgaYtaa+t+VijwG9NsZULY3RKiU/p16xFifOcE+o4/PcLUYLBVkXp4L\ni3bVPZm/DMyUonPueQli+QJgeGk4RxN2aKvb0nMpP1Dmpi1/gQKCAQEA5ntTECwW\n6O9RvR2IIGbPkWuciNp81SaWrmSCNahnYyidgEDGEzmkrx4zFw8FzDbH27g6TKpQ\n1i7UTf0WJOZmuGPpgqyX/ldgIqKGcqGPUb48MKeAutY7K0nZ3cEslGP7fgRkk9/s\nerwKFso6fUX6RsxxAdSfxsuseG/C5QUvLlOeI/8d9VcCQvTdGa1Bv9xzIgldFSFP\nDu5b5s3wJ5u7gJ2n+f8LhM46+rAIUta19Dfti2tmvJCaj4uMmLAPS0CNMfjePcIL\nlbuSQMykEVwkKWexGaz37+dYunUYR6SjjllwYz/Ima5d2sjv0nLI9+risAYV8szi\nCvJlJ47IwpehdQKCAQEA9AbQo67IUNFg+pnOE+2xg2pznA3xJUHrSA1h2vRlbDsH\n3w+8zA0sl0AlzBTam/1HmZfvGywLXgtk+dX7GiWigF1saYGz4Cb+8769Owu71V76\nKhnexny0NE5TXnAkiSeI8o/HaKYYtYYFN+oNcy/aEzqtAt7v7zIxlURRcaUqhbUP\nmjwNK2m5vLavSj5o3Xpo0LtzgW71zBQUCpmVExQVjeWJwBmTk3/egGMjHZMMW3JL\n1z1ecYSStcg61FyI0YVxDtlgX75LVMK71oFVK3gtaGQMllqOg8DEEThTkOtXo2CD\nQfm+s/l7DHUuEnSnpOFfAa9sC2H60LDa7Xnq9+PbywKCAQAFvUx0OqTXaB5A91tM\nc0L3/BYJ0mcJZ8yYyyfy7h6k+X3yk6pbEDRpp/bdvCII09RmRFAvWI5qxv/CcWr7\nwEEOlm5aMrIWQ1bBhgqTEDLhdjtJeuJZxLv0eAJU41qY12SL3tAiXpEk/UnDB4Yt\nWHDDEpQ9122jJa9F0IKp8VcbcDmf69pzIZeM00wuN4JLpNG5J0KKJCoz1Pu046v3\nUIl6ynJEZ3WB+SC+3WNXrMEbM8lWj3Yfe/pdWLxHkRrQZOsfM3NVVl+zethJhM8R\nH5pG7a4bVZNXBgvPmNrh7dek09VYo137dbwglqBiPTmD8vVyLLSfNzrpyt95/LRD\nJEOBAoIBAH64v0YQ8MNPR847atHcgG9fK3QhpVWUusrq8CMVAUpICVljwcYxHTPa\nQwaM2c1hpPn09V0l7S1EO4amAUTdwFpqqW7MxQ0lEwaeyYPNHxi5vq14S8DFZ4s2\nFYMYN1DmL+7OjV4hyvkRBMq5h4yGj/emY8v226Bab3c1SBn9DGzszpJoluoxeBuw\nvqyOZkSFWcLzZRMU/R2iW5n5kXmb12mdhoA0h/dz0qbXVJf6EdO3Mf0vSEko8Ero\nFOzMtNwhMMnmRm7R0irNCWBmP0VYnjP0qLi3hASVaPwMRREftZ4I84CiYc7yQl0A\nyREadShhRMYKQ9BRbD9NaBMkWcmrESsCggEAVUWfpqCg9/GFdoyISU4NXQOHFY26\nO/UBJpFCzyu/GvzLcbOqKPf009OcNeWe3pUEz2e6hsXCspl2oQA5W6FdfMzLdkSI\nub6wLIONneWQbdPoThazSW4M3Bngdx/lmC1pf7XSFBEOFqTj0N0SxvjT0TiTWnTZ\nhedHJd1wWrKtQalji79ZmF2oJnxPu+A1aqG4G8DxAoIW70zRpMnVGFXwNTLTrfnZ\n5Y2PnIdA4VIwoFjStYFGsFJtl80z06lsXIKWVju8YdhiQKqaV0EKzB7mOjyW1Wpj\nY1K/Z2t5y5MUjTwXWoWywqBmhGMRmgagwBLGSJQ+5DdyynDKLO+dcHRWQQ==\n-----END RSA PRIVATE KEY-----\n",
            "private_key_pem_pkcs8": "-----BEGIN PRIVATE KEY-----\nMIIJQQIBADANBgkqhkiG9w0BAQEFAASCCSswggknAgEAAoICAQDbs63m7cYRPS3q\nraFbptE8Ibdxh/NWzyt3KpfoOy8bMG23ykPuCLPF+SNKZyl+8u/UKJs5yTntnF6E\n84uDVI47vNit83o7U+QdibG3dnUxghBItUrABRj7k2T/yrUVmlTYlr+Q+3cL4lKX\nsckLAADqtUBsaPyEXbZmk+uOosc2r6m0ldFWvcvYTb+WFNMhh0kqBolY8EI+43Cy\nc61W+TlunJ9VMlaZ88c4t2+vfynaZgYcw0V1+FwAKVesnflM2Fuc6I4nH1h3ne/v\nvn4slVZ+bFuzoz9qUW1MXwZ3Q0v7v0mcrVfrqYrWXt6cuSEAB/lBXHzIWqgmKYTZ\n/Z1M6aisBbUAy70Tmhjlx29cVWVEGwTJhpTQ6AmThnNKmIumoSsZ4cv/uJHOjZoR\njLbAXB9o8BaKfYtnQRulvfpIAvRlkSNmsCcPti2GWtBSbhC8Z5z2jqle03CUN4wJ\nFwPwvQEC3A1k/s2dLnPeiMGsH2XmpjrdCI8wyF/nxkR6sMgHSCEI9k1xtMcfoiwD\nNUg+mI/kY5WZEqCm1NmVJDFtCn++GQ25OBQPWxHkPkwlVqckccbxc/TvLTwj/sdh\nGdiMRCLZEt9CHqk6ArT/iHvTAi3UelKLtqmf4KL71VltoRqOeVNIIfQCl2eznEZF\n/h4C9pBDh4TazLYLpWACg7LYExsexwIDAQABAoICAHBexmOG2feXQxT1GcK23+3R\nkPIQhvWvoJuivW+aVc2iR3vpiDUHXmuzscksWp0DxIbO/hXgRjCx+eYmawURCm6j\neHAASFRv5Az3kF41yFs6GvoVP9ZWxSBnkxEBrP0PorXk5LZS5+C8MWJFHH7z0YQ6\nkGjiicVp6REuNx0NRLdDwZkLx7aF/Oz1Vzh8DkDn4RQNo9JJkJh52/pqEA6cCjP5\nB8WbqY+0kAECUa2BbPa3mAi+F5jvHp82hhFT+17CipkGmS6JacZEkaQd2osTFtoy\nsfR/WsAWRcD6GWSGlyZ8ADqSrpVqcgiTHWkrhyVs7p/vniMbu0VJlxmoDfx4xjvD\nPJC41onTfUkgkQ8RenFFiEBpJLK0t90zuoOmoxPlqA5/bom82g4RkQoyMV06dPWf\nRjgB0keEnwfKpuPr77zLt9y7X1FLz9pVtjflTvdt9elooxCD/4WArsmUcoYSGRZA\nAhCWiefDq9ZB6veCymeRciYQ4xTPQjWWoMS48tUFGjANzcsritkLFImxK5jEtbcL\nfL4ONpLmJpRwFbTrJX4oFhKW7TPN8jaTA2FN0bePmwDKWBpi1pr635WKPAb02xlQ\ntjdEqJT+nXrEWJ85wT6jj89wtRgsFWRenguLdtU9mb8MzJSic+55CWL5AmB4aThH\nE3Zoq9vScyk/UOamLX+BAoIBAQDme1MQLBbo71G9HYggZs+Ra5yI2nzVJpauZII1\nqGdjKJ2AQMYTOaSvHjMXDwXMNsfbuDpMqlDWLtRN/RYk5ma4Y+mCrJf+V2AiooZy\noY9Rvjwwp4C61jsrSdndwSyUY/t+BGST3+x6vAoWyjp9RfpGzHEB1J/Gy6x4b8Ll\nBS8uU54j/x31VwJC9N0ZrUG/3HMiCV0VIU8O7lvmzfAnm7uAnaf5/wuEzjr6sAhS\n1rX0N+2La2a8kJqPi4yYsA9LQI0x+N49wguVu5JAzKQRXCQpZ7EZrPfv51i6dRhH\npKOOWXBjP8iZrl3ayO/Scsj36uKwBhXyzOIK8mUnjsjCl6F1AoIBAQD0BtCjrshQ\n0WD6mc4T7bGDanOcDfElQetIDWHa9GVsOwffD7zMDSyXQCXMFNqb/UeZl+8bLAte\nC2T51fsaJaKAXWxpgbPgJv7zvr07C7vVXvoqGd7GfLQ0TlNecCSJJ4jyj8dophi1\nhgU36g1zL9oTOq0C3u/vMjGVRFFxpSqFtQ+aPA0rabm8tq9KPmjdemjQu3OBbvXM\nFBQKmZUTFBWN5YnAGZOTf96AYyMdkwxbckvXPV5xhJK1yDrUXIjRhXEO2WBfvktU\nwrvWgVUreC1oZAyWWo6DwMQROFOQ61ejYINB+b6z+XsMdS4SdKek4V8Br2wLYfrQ\nsNrteer349vLAoIBAAW9THQ6pNdoHkD3W0xzQvf8FgnSZwlnzJjLJ/LuHqT5ffKT\nqlsQNGmn9t28IgjT1GZEUC9YjmrG/8JxavvAQQ6WbloyshZDVsGGCpMQMuF2O0l6\n4lnEu/R4AlTjWpjXZIve0CJekST9ScMHhi1YcMMSlD3XbaMlr0XQgqnxVxtwOZ/r\n2nMhl4zTTC43gkuk0bknQookKjPU+7Tjq/dQiXrKckRndYH5IL7dY1eswRszyVaP\ndh97+l1YvEeRGtBk6x8zc1VWX7N62EmEzxEfmkbtrhtVk1cGC8+Y2uHt16TT1Vij\nXft1vCCWoGI9OYPy9XIstJ83OunK33n8tEMkQ4ECggEAfri/RhDww09Hzjtq0dyA\nb18rdCGlVZS6yurwIxUBSkgJWWPBxjEdM9pDBozZzWGk+fT1XSXtLUQ7hqYBRN3A\nWmqpbszFDSUTBp7Jg80fGLm+rXhLwMVnizYVgxg3UOYv7s6NXiHK+REEyrmHjIaP\n96Zjy/bboFpvdzVIGf0MbOzOkmiW6jF4G7C+rI5mRIVZwvNlExT9HaJbmfmReZvX\naZ2GgDSH93PSptdUl/oR07cx/S9ISSjwSugU7My03CEwyeZGbtHSKs0JYGY/RVie\nM/SouLeEBJVo/AxFER+1ngjzgKJhzvJCXQDJERp1KGFExgpD0FFsP01oEyRZyasR\nKwKCAQBVRZ+moKD38YV2jIhJTg1dA4cVjbo79QEmkULPK78a/Mtxs6oo9/TT05w1\n5Z7elQTPZ7qGxcKymXahADlboV18zMt2RIi5vrAsg42d5ZBt0+hOFrNJbgzcGeB3\nH+WYLWl/tdIUEQ4WpOPQ3RLG+NPROJNadNmF50cl3XBasq1BqWOLv1mYXagmfE+7\n4DVqobgbwPECghbvTNGkydUYVfA1MtOt+dnljY+ch0DhUjCgWNK1gUawUm2XzTPT\nqWxcgpZWO7xh2GJAqppXQQrMHuY6PJbVamNjUr9na3nLkxSNPBdahbLCoGaEYxGa\nBqDAEsZIlD7kN3LKcMos751wdFZB\n-----END PRIVATE KEY-----\n",
            "public_key_fingerprint_md5": "0b:19:82:ee:5f:c1:a1:11:0f:23:29:16:53:d8:05:95",
            "public_key_fingerprint_sha256": "SHA256:VRGu3nfBRSXf9DdkcfCTCpUEoAnKMmOL9w+nBnAQttI",
            "public_key_openssh": "ssh-rsa AAAAB3NzaC1yc2EAAAADAQABAAACAQDbs63m7cYRPS3qraFbptE8Ibdxh/NWzyt3KpfoOy8bMG23ykPuCLPF+SNKZyl+8u/UKJs5yTntnF6E84uDVI47vNit83o7U+QdibG3dnUxghBItUrABRj7k2T/yrUVmlTYlr+Q+3cL4lKXsckLAADqtUBsaPyEXbZmk+uOosc2r6m0ldFWvcvYTb+WFNMhh0kqBolY8EI+43Cyc61W+TlunJ9VMlaZ88c4t2+vfynaZgYcw0V1+FwAKVesnflM2Fuc6I4nH1h3ne/vvn4slVZ+bFuzoz9qUW1MXwZ3Q0v7v0mcrVfrqYrWXt6cuSEAB/lBXHzIWqgmKYTZ/Z1M6aisBbUAy70Tmhjlx29cVWVEGwTJhpTQ6AmThnNKmIumoSsZ4cv/uJHOjZoRjLbAXB9o8BaKfYtnQRulvfpIAvRlkSNmsCcPti2GWtBSbhC8Z5z2jqle03CUN4wJFwPwvQEC3A1k/s2dLnPeiMGsH2XmpjrdCI8wyF/nxkR6sMgHSCEI9k1xtMcfoiwDNUg+mI/kY5WZEqCm1NmVJDFtCn++GQ25OBQPWxHkPkwlVqckccbxc/TvLTwj/sdhGdiMRCLZEt9CHqk6ArT/iHvTAi3UelKLtqmf4KL71VltoRqOeVNIIfQCl2eznEZF/h4C9pBDh4TazLYLpWACg7LYExsexw==\n",
            "public_key_pem": "-----BEGIN PUBLIC KEY-----\nMIICIjANBgkqhkiG9w0BAQEFAAOCAg8AMIICCgKCAgEA27Ot5u3GET0t6q2hW6bR\nPCG3cYfzVs8rdyqX6DsvGzBtt8pD7gizxfkjSmcpfvLv1CibOck57ZxehPOLg1SO\nO7zYrfN6O1PkHYmxt3Z1MYIQSLVKwAUY+5Nk/8q1FZpU2Ja/kPt3C+JSl7HJCwAA\n6rVAbGj8hF22ZpPrjqLHNq+ptJXRVr3L2E2/lhTTIYdJKgaJWPBCPuNwsnOtVvk5\nbpyfVTJWmfPHOLdvr38p2mYGHMNFdfhcAClXrJ35TNhbnOiOJx9Yd53v775+LJVW\nfmxbs6M/alFtTF8Gd0NL+79JnK1X66mK1l7enLkhAAf5QVx8yFqoJimE2f2dTOmo\nrAW1AMu9E5oY5cdvXFVlRBsEyYaU0OgJk4ZzSpiLpqErGeHL/7iRzo2aEYy2wFwf\naPAWin2LZ0Ebpb36SAL0ZZEjZrAnD7YthlrQUm4QvGec9o6pXtNwlDeMCRcD8L0B\nAtwNZP7NnS5z3ojBrB9l5qY63QiPMMhf58ZEerDIB0ghCPZNcbTHH6IsAzVIPpiP\n5GOVmRKgptTZlSQxbQp/vhkNuTgUD1sR5D5MJVanJHHG8XP07y08I/7HYRnYjEQi\n2RLfQh6pOgK0/4h70wIt1HpSi7apn+Ci+9VZbaEajnlTSCH0Apdns5xGRf4eAvaQ\nQ4eE2sy2C6VgAoOy2BMbHscCAwEAAQ==\n-----END PUBLIC KEY-----\n",
            "rsa_bits": 4096
          },
          "sensitive_attributes": [
            [
              {
                "type": "get_attr",
                "value": "private_key_openssh"
              }
            ],
            [
              {
                "type": "get_attr",
                "value": "private_key_pem_pkcs8"
              }
            ],
            [
              {
                "type": "get_attr",
                "value": "private_key_pem"
              }
            ]
          ],
          "create_before_destroy": true
        }
      ]
    },
    {
      "module": "module.private_autoscaling",
      "mode": "data",
      "type": "aws_partition",
      "name": "current",
      "provider": "provider[\"registry.terraform.io/hashicorp/aws\"]",
      "instances": [
        {
          "schema_version": 0,
          "attributes": {
            "dns_suffix": "amazonaws.com",
            "id": "aws",
            "partition": "aws",
            "reverse_dns_prefix": "com.amazonaws"
          },
          "sensitive_attributes": []
        }
      ]
    },
    {
      "module": "module.private_autoscaling",
      "mode": "managed",
      "type": "aws_autoscaling_group",
      "name": "this",
      "provider": "provider[\"registry.terraform.io/hashicorp/aws\"]",
      "instances": [
        {
          "index_key": 0,
          "schema_version": 1,
          "attributes": {
            "arn": "arn:aws:autoscaling:ap-northeast-1:975050050239:autoScalingGroup:7ceb6d75-353a-4cad-829d-bfc829ae069a:autoScalingGroupName/private autoscaling group-20240731020205971500000008",
            "availability_zones": [
              "ap-northeast-1a",
              "ap-northeast-1c"
            ],
            "capacity_rebalance": false,
            "context": "",
            "default_cooldown": 300,
            "default_instance_warmup": 0,
            "desired_capacity": 2,
            "desired_capacity_type": "",
            "enabled_metrics": null,
            "force_delete": false,
            "force_delete_warm_pool": false,
            "health_check_grace_period": 300,
            "health_check_type": "EC2",
            "id": "private autoscaling group-20240731020205971500000008",
            "ignore_failed_scaling_activities": false,
            "initial_lifecycle_hook": [],
            "instance_maintenance_policy": [],
            "instance_refresh": [],
            "launch_configuration": "",
            "launch_template": [
              {
                "id": "lt-0e1227864d139b82d",
                "name": "private-asg-launch-template-20240731020205383300000006",
                "version": "1"
              }
            ],
            "load_balancers": [],
            "max_instance_lifetime": 0,
            "max_size": 2,
            "metrics_granularity": "1Minute",
            "min_elb_capacity": null,
            "min_size": 2,
            "mixed_instances_policy": [],
            "name": "private autoscaling group-20240731020205971500000008",
            "name_prefix": "private autoscaling group-",
            "placement_group": "",
            "predicted_capacity": 0,
            "protect_from_scale_in": false,
            "service_linked_role_arn": "arn:aws:iam::975050050239:role/aws-service-role/autoscaling.amazonaws.com/AWSServiceRoleForAutoScaling",
            "suspended_processes": null,
            "tag": [
              {
                "key": "Name",
                "propagate_at_launch": true,
                "value": "private autoscaling group"
              }
            ],
            "target_group_arns": [],
            "termination_policies": [],
            "timeouts": {
              "delete": null,
              "update": null
            },
            "traffic_source": [],
            "vpc_zone_identifier": [
              "subnet-01b6113d26ad6d9e5",
              "subnet-0c4cc4a6c632c1023"
            ],
            "wait_for_capacity_timeout": "0",
            "wait_for_elb_capacity": null,
            "warm_pool": [],
            "warm_pool_size": 0
          },
          "sensitive_attributes": [],
          "private": "eyJlMmJmYjczMC1lY2FhLTExZTYtOGY4OC0zNDM2M2JjN2M0YzAiOnsiZGVsZXRlIjo2MDAwMDAwMDAwMDAsInVwZGF0ZSI6NjAwMDAwMDAwMDAwfSwic2NoZW1hX3ZlcnNpb24iOiIxIn0=",
          "dependencies": [
            "aws_key_pair.deployer",
            "aws_lb_target_group.nlb4private-instance",
            "module.private_autoscaling.aws_iam_instance_profile.this",
            "module.private_autoscaling.aws_iam_role.this",
            "module.private_autoscaling.aws_launch_template.this",
            "module.private_autoscaling.data.aws_iam_policy_document.assume_role_policy",
            "module.private_autoscaling.data.aws_partition.current",
            "module.vpc.aws_subnet.private",
            "module.vpc.aws_vpc.this",
            "module.vpc.aws_vpc_ipv4_cidr_block_association.this",
            "tls_private_key.ssh-key"
          ],
          "create_before_destroy": true
        }
      ]
    },
    {
      "module": "module.private_autoscaling",
      "mode": "managed",
      "type": "aws_launch_template",
      "name": "this",
      "provider": "provider[\"registry.terraform.io/hashicorp/aws\"]",
      "instances": [
        {
          "index_key": 0,
          "schema_version": 0,
          "attributes": {
            "arn": "arn:aws:ec2:ap-northeast-1:975050050239:launch-template/lt-0e1227864d139b82d",
            "block_device_mappings": [],
            "capacity_reservation_specification": [],
            "cpu_options": [],
            "credit_specification": [],
            "default_version": 1,
            "description": "Launch template example",
            "disable_api_stop": false,
            "disable_api_termination": false,
            "ebs_optimized": "true",
            "elastic_gpu_specifications": [],
            "elastic_inference_accelerator": [],
            "enclave_options": [],
            "hibernation_options": [],
            "iam_instance_profile": [],
            "id": "lt-0e1227864d139b82d",
            "image_id": "ami-0a0b7b240264a48d7",
            "instance_initiated_shutdown_behavior": "",
            "instance_market_options": [],
            "instance_requirements": [],
            "instance_type": "t3.micro",
            "kernel_id": "",
            "key_name": "deployer-key-default",
            "latest_version": 1,
            "license_specification": [],
            "maintenance_options": [],
            "metadata_options": [],
            "monitoring": [
              {
                "enabled": true
              }
            ],
            "name": "private-asg-launch-template-20240731020205383300000006",
            "name_prefix": "private-asg-launch-template-",
            "network_interfaces": [
              {
                "associate_carrier_ip_address": "",
                "associate_public_ip_address": "true",
                "delete_on_termination": "true",
                "description": "",
                "device_index": 0,
                "interface_type": "",
                "ipv4_address_count": 0,
                "ipv4_addresses": null,
                "ipv4_prefix_count": 0,
                "ipv4_prefixes": null,
                "ipv6_address_count": 0,
                "ipv6_addresses": null,
                "ipv6_prefix_count": 0,
                "ipv6_prefixes": null,
                "network_card_index": 0,
                "network_interface_id": "",
                "primary_ipv6": "",
                "private_ip_address": "",
                "security_groups": [
                  "sg-030c7176ed40b3be2"
                ],
                "subnet_id": ""
              }
            ],
            "placement": [],
            "private_dns_name_options": [],
            "ram_disk_id": "",
            "security_group_names": null,
            "tag_specifications": [],
            "tags": null,
            "tags_all": {},
            "update_default_version": true,
            "user_data": "IyEvYmluL2Jhc2gNCnN1ZG8gYXB0IHVwZGF0ZQ0Kc3VkbyBhcHQgaW5zdGFsbCBuZ2lueCAtLXllcyANCnN1ZG8gZWNobyAiPGgxPmhlbGxvIHRlcnJhZm9ybTwvaDE+IiA+IC92YXIvd3d3L2h0bWwvaW5kZXgubmdpbngtZGViaWFuLmh0bWwNCnN1ZG8gc3lzdGVtY3RsIHN0YXJ0IG5naW54",
            "vpc_security_group_ids": null
          },
          "sensitive_attributes": [],
          "private": "bnVsbA==",
          "dependencies": [
            "aws_key_pair.deployer",
            "module.private_autoscaling.aws_iam_instance_profile.this",
            "module.private_autoscaling.aws_iam_role.this",
            "module.private_autoscaling.data.aws_iam_policy_document.assume_role_policy",
            "module.private_autoscaling.data.aws_partition.current",
            "module.vpc.aws_vpc.this",
            "tls_private_key.ssh-key"
          ],
          "create_before_destroy": true
        }
      ]
    },
    {
      "module": "module.public_autoscaling",
      "mode": "data",
      "type": "aws_partition",
      "name": "current",
      "provider": "provider[\"registry.terraform.io/hashicorp/aws\"]",
      "instances": [
        {
          "schema_version": 0,
          "attributes": {
            "dns_suffix": "amazonaws.com",
            "id": "aws",
            "partition": "aws",
            "reverse_dns_prefix": "com.amazonaws"
          },
          "sensitive_attributes": []
        }
      ]
    },
    {
      "module": "module.public_autoscaling",
      "mode": "managed",
      "type": "aws_autoscaling_group",
      "name": "this",
      "provider": "provider[\"registry.terraform.io/hashicorp/aws\"]",
      "instances": [
        {
          "index_key": 0,
          "schema_version": 1,
          "attributes": {
            "arn": "arn:aws:autoscaling:ap-northeast-1:975050050239:autoScalingGroup:bd74bb06-1485-4296-9811-2917618c4df1:autoScalingGroupName/public autoscaling group-20240731020206275700000009",
            "availability_zones": [
              "ap-northeast-1a",
              "ap-northeast-1c"
            ],
            "capacity_rebalance": false,
            "context": "",
            "default_cooldown": 300,
            "default_instance_warmup": 0,
            "desired_capacity": 2,
            "desired_capacity_type": "",
            "enabled_metrics": null,
            "force_delete": false,
            "force_delete_warm_pool": false,
            "health_check_grace_period": 300,
            "health_check_type": "EC2",
            "id": "public autoscaling group-20240731020206275700000009",
            "ignore_failed_scaling_activities": false,
            "initial_lifecycle_hook": [],
            "instance_maintenance_policy": [],
            "instance_refresh": [],
            "launch_configuration": "",
            "launch_template": [
              {
                "id": "lt-0cae4481c409ab937",
                "name": "public-asg-launch-template-20240731020205280600000004",
                "version": "1"
              }
            ],
            "load_balancers": [],
            "max_instance_lifetime": 0,
            "max_size": 2,
            "metrics_granularity": "1Minute",
            "min_elb_capacity": null,
            "min_size": 2,
            "mixed_instances_policy": [],
            "name": "public autoscaling group-20240731020206275700000009",
            "name_prefix": "public autoscaling group-",
            "placement_group": "",
            "predicted_capacity": 0,
            "protect_from_scale_in": false,
            "service_linked_role_arn": "arn:aws:iam::975050050239:role/aws-service-role/autoscaling.amazonaws.com/AWSServiceRoleForAutoScaling",
            "suspended_processes": null,
            "tag": [
              {
                "key": "Name",
                "propagate_at_launch": true,
                "value": "public autoscaling group"
              }
            ],
            "target_group_arns": [],
            "termination_policies": [],
            "timeouts": {
              "delete": null,
              "update": null
            },
            "traffic_source": [],
            "vpc_zone_identifier": [
              "subnet-0c7d124fbc104f688",
              "subnet-0d0a045e58f6d429f"
            ],
            "wait_for_capacity_timeout": "0",
            "wait_for_elb_capacity": null,
            "warm_pool": [],
            "warm_pool_size": 0
          },
          "sensitive_attributes": [],
          "private": "eyJlMmJmYjczMC1lY2FhLTExZTYtOGY4OC0zNDM2M2JjN2M0YzAiOnsiZGVsZXRlIjo2MDAwMDAwMDAwMDAsInVwZGF0ZSI6NjAwMDAwMDAwMDAwfSwic2NoZW1hX3ZlcnNpb24iOiIxIn0=",
          "dependencies": [
            "aws_key_pair.deployer",
            "aws_lb_target_group.alb4public-instance",
            "module.public_autoscaling.aws_iam_instance_profile.this",
            "module.public_autoscaling.aws_iam_role.this",
            "module.public_autoscaling.aws_launch_template.this",
            "module.public_autoscaling.data.aws_iam_policy_document.assume_role_policy",
            "module.public_autoscaling.data.aws_partition.current",
            "module.vpc.aws_subnet.public",
            "module.vpc.aws_vpc.this",
            "module.vpc.aws_vpc_ipv4_cidr_block_association.this",
            "tls_private_key.ssh-key"
          ],
          "create_before_destroy": true
        }
      ]
    },
    {
      "module": "module.public_autoscaling",
      "mode": "managed",
      "type": "aws_launch_template",
      "name": "this",
      "provider": "provider[\"registry.terraform.io/hashicorp/aws\"]",
      "instances": [
        {
          "index_key": 0,
          "schema_version": 0,
          "attributes": {
            "arn": "arn:aws:ec2:ap-northeast-1:975050050239:launch-template/lt-0cae4481c409ab937",
            "block_device_mappings": [],
            "capacity_reservation_specification": [],
            "cpu_options": [],
            "credit_specification": [],
            "default_version": 1,
            "description": "Launch template example",
            "disable_api_stop": false,
            "disable_api_termination": false,
            "ebs_optimized": "true",
            "elastic_gpu_specifications": [],
            "elastic_inference_accelerator": [],
            "enclave_options": [],
            "hibernation_options": [],
            "iam_instance_profile": [],
            "id": "lt-0cae4481c409ab937",
            "image_id": "ami-0a0b7b240264a48d7",
            "instance_initiated_shutdown_behavior": "",
            "instance_market_options": [],
            "instance_requirements": [],
            "instance_type": "t3.micro",
            "kernel_id": "",
            "key_name": "deployer-key-default",
            "latest_version": 1,
            "license_specification": [],
            "maintenance_options": [],
            "metadata_options": [],
            "monitoring": [
              {
                "enabled": true
              }
            ],
            "name": "public-asg-launch-template-20240731020205280600000004",
            "name_prefix": "public-asg-launch-template-",
            "network_interfaces": [
              {
                "associate_carrier_ip_address": "",
                "associate_public_ip_address": "true",
                "delete_on_termination": "true",
                "description": "",
                "device_index": 0,
                "interface_type": "",
                "ipv4_address_count": 0,
                "ipv4_addresses": null,
                "ipv4_prefix_count": 0,
                "ipv4_prefixes": null,
                "ipv6_address_count": 0,
                "ipv6_addresses": null,
                "ipv6_prefix_count": 0,
                "ipv6_prefixes": null,
                "network_card_index": 0,
                "network_interface_id": "",
                "primary_ipv6": "",
                "private_ip_address": "",
                "security_groups": [
                  "sg-030c7176ed40b3be2"
                ],
                "subnet_id": ""
              }
            ],
            "placement": [],
            "private_dns_name_options": [],
            "ram_disk_id": "",
            "security_group_names": null,
            "tag_specifications": [],
            "tags": null,
            "tags_all": {},
            "update_default_version": true,
            "user_data": "IyEvYmluL2Jhc2gNCnN1ZG8gYXB0IHVwZGF0ZQ0Kc3VkbyBhcHQgaW5zdGFsbCBuZ2lueCAtLXllcyANCnN1ZG8gZWNobyAiPGgxPmhlbGxvIHRlcnJhZm9ybTwvaDE+IiA+IC92YXIvd3d3L2h0bWwvaW5kZXgubmdpbngtZGViaWFuLmh0bWwNCnN1ZG8gc3lzdGVtY3RsIHN0YXJ0IG5naW54",
            "vpc_security_group_ids": null
          },
          "sensitive_attributes": [],
          "private": "bnVsbA==",
          "dependencies": [
            "aws_key_pair.deployer",
            "module.public_autoscaling.aws_iam_instance_profile.this",
            "module.public_autoscaling.aws_iam_role.this",
            "module.public_autoscaling.data.aws_iam_policy_document.assume_role_policy",
            "module.public_autoscaling.data.aws_partition.current",
            "module.vpc.aws_vpc.this",
            "tls_private_key.ssh-key"
          ],
          "create_before_destroy": true
        }
      ]
    },
    {
      "module": "module.vpc",
      "mode": "managed",
      "type": "aws_default_network_acl",
      "name": "this",
      "provider": "provider[\"registry.terraform.io/hashicorp/aws\"]",
      "instances": [
        {
          "index_key": 0,
          "schema_version": 0,
          "attributes": {
            "arn": "arn:aws:ec2:ap-northeast-1:975050050239:network-acl/acl-069279365821b0364",
            "default_network_acl_id": "acl-069279365821b0364",
            "egress": [
              {
                "action": "allow",
                "cidr_block": "",
                "from_port": 0,
                "icmp_code": null,
                "icmp_type": null,
                "ipv6_cidr_block": "::/0",
                "protocol": "-1",
                "rule_no": 101,
                "to_port": 0
              },
              {
                "action": "allow",
                "cidr_block": "0.0.0.0/0",
                "from_port": 0,
                "icmp_code": null,
                "icmp_type": null,
                "ipv6_cidr_block": "",
                "protocol": "-1",
                "rule_no": 100,
                "to_port": 0
              }
            ],
            "id": "acl-069279365821b0364",
            "ingress": [
              {
                "action": "allow",
                "cidr_block": "",
                "from_port": 0,
                "icmp_code": null,
                "icmp_type": null,
                "ipv6_cidr_block": "::/0",
                "protocol": "-1",
                "rule_no": 101,
                "to_port": 0
              },
              {
                "action": "allow",
                "cidr_block": "0.0.0.0/0",
                "from_port": 0,
                "icmp_code": null,
                "icmp_type": null,
                "ipv6_cidr_block": "",
                "protocol": "-1",
                "rule_no": 100,
                "to_port": 0
              }
            ],
            "owner_id": "975050050239",
            "subnet_ids": [
              "subnet-01b6113d26ad6d9e5",
              "subnet-0c4cc4a6c632c1023",
              "subnet-0c7d124fbc104f688",
              "subnet-0d0a045e58f6d429f"
            ],
            "tags": {
              "Environment": "test",
              "Name": "test-vpc-default",
              "Terraform": "true"
            },
            "tags_all": {
              "Environment": "test",
              "Name": "test-vpc-default",
              "Terraform": "true"
            },
            "vpc_id": "vpc-0cd4901dc32991711"
          },
          "sensitive_attributes": [],
          "private": "bnVsbA==",
          "dependencies": [
            "module.vpc.aws_vpc.this"
          ]
        }
      ]
    },
    {
      "module": "module.vpc",
      "mode": "managed",
      "type": "aws_default_route_table",
      "name": "default",
      "provider": "provider[\"registry.terraform.io/hashicorp/aws\"]",
      "instances": [
        {
          "index_key": 0,
          "schema_version": 0,
          "attributes": {
            "arn": "arn:aws:ec2:ap-northeast-1:975050050239:route-table/rtb-0af27e525da2bf2b1",
            "default_route_table_id": "rtb-0af27e525da2bf2b1",
            "id": "rtb-0af27e525da2bf2b1",
            "owner_id": "975050050239",
            "propagating_vgws": null,
            "route": [],
            "tags": {
              "Environment": "test",
              "Name": "test-vpc-default",
              "Terraform": "true"
            },
            "tags_all": {
              "Environment": "test",
              "Name": "test-vpc-default",
              "Terraform": "true"
            },
            "timeouts": {
              "create": "5m",
              "update": "5m"
            },
            "vpc_id": "vpc-0cd4901dc32991711"
          },
          "sensitive_attributes": [],
          "private": "eyJlMmJmYjczMC1lY2FhLTExZTYtOGY4OC0zNDM2M2JjN2M0YzAiOnsiY3JlYXRlIjozMDAwMDAwMDAwMDAsInVwZGF0ZSI6MzAwMDAwMDAwMDAwfX0=",
          "dependencies": [
            "module.vpc.aws_vpc.this"
          ]
        }
      ]
    },
    {
      "module": "module.vpc",
      "mode": "managed",
      "type": "aws_default_security_group",
      "name": "this",
      "provider": "provider[\"registry.terraform.io/hashicorp/aws\"]",
      "instances": [
        {
          "index_key": 0,
          "schema_version": 1,
          "attributes": {
            "arn": "arn:aws:ec2:ap-northeast-1:975050050239:security-group/sg-030c7176ed40b3be2",
            "description": "default VPC security group",
            "egress": [
              {
                "cidr_blocks": [
                  "0.0.0.0/0"
                ],
                "description": "",
                "from_port": 0,
                "ipv6_cidr_blocks": [],
                "prefix_list_ids": [],
                "protocol": "-1",
                "security_groups": [],
                "self": false,
                "to_port": 0
              }
            ],
            "id": "sg-030c7176ed40b3be2",
            "ingress": [
              {
                "cidr_blocks": [
                  "0.0.0.0/0"
                ],
                "description": "",
                "from_port": 22,
                "ipv6_cidr_blocks": [],
                "prefix_list_ids": [],
                "protocol": "tcp",
                "security_groups": [],
                "self": false,
                "to_port": 22
              },
              {
                "cidr_blocks": [
                  "0.0.0.0/0"
                ],
                "description": "",
                "from_port": 443,
                "ipv6_cidr_blocks": [],
                "prefix_list_ids": [],
                "protocol": "tcp",
                "security_groups": [],
                "self": false,
                "to_port": 443
              },
              {
                "cidr_blocks": [
                  "0.0.0.0/0"
                ],
                "description": "",
                "from_port": 80,
                "ipv6_cidr_blocks": [],
                "prefix_list_ids": [],
                "protocol": "tcp",
                "security_groups": [],
                "self": false,
                "to_port": 80
              }
            ],
            "name": "default",
            "name_prefix": "",
            "owner_id": "975050050239",
            "revoke_rules_on_delete": false,
            "tags": {
              "Environment": "test",
              "Name": "test-vpc-default",
              "Terraform": "true"
            },
            "tags_all": {
              "Environment": "test",
              "Name": "test-vpc-default",
              "Terraform": "true"
            },
            "vpc_id": "vpc-0cd4901dc32991711"
          },
          "sensitive_attributes": [],
          "private": "eyJzY2hlbWFfdmVyc2lvbiI6IjEifQ==",
          "dependencies": [
            "module.vpc.aws_vpc.this"
          ]
        }
      ]
    },
    {
      "module": "module.vpc",
      "mode": "managed",
      "type": "aws_eip",
      "name": "nat",
      "provider": "provider[\"registry.terraform.io/hashicorp/aws\"]",
      "instances": [
        {
          "index_key": 0,
          "schema_version": 0,
          "attributes": {
            "address": null,
            "allocation_id": "eipalloc-09acd5f41738dcffd",
            "arn": "arn:aws:ec2:ap-northeast-1:975050050239:elastic-ip/eipalloc-09acd5f41738dcffd",
            "associate_with_private_ip": null,
            "association_id": "",
            "carrier_ip": "",
            "customer_owned_ip": "",
            "customer_owned_ipv4_pool": "",
            "domain": "vpc",
            "id": "eipalloc-09acd5f41738dcffd",
            "instance": "",
            "network_border_group": "ap-northeast-1",
            "network_interface": "",
            "private_dns": null,
            "private_ip": "",
            "ptr_record": "",
            "public_dns": "ec2-54-249-167-9.ap-northeast-1.compute.amazonaws.com",
            "public_ip": "54.249.167.9",
            "public_ipv4_pool": "amazon",
            "tags": {
              "Environment": "test",
              "Name": "test-vpc-ap-northeast-1a",
              "Terraform": "true"
            },
            "tags_all": {
              "Environment": "test",
              "Name": "test-vpc-ap-northeast-1a",
              "Terraform": "true"
            },
            "timeouts": null,
            "vpc": true
          },
          "sensitive_attributes": [],
          "private": "eyJlMmJmYjczMC1lY2FhLTExZTYtOGY4OC0zNDM2M2JjN2M0YzAiOnsiZGVsZXRlIjoxODAwMDAwMDAwMDAsInJlYWQiOjkwMDAwMDAwMDAwMCwidXBkYXRlIjozMDAwMDAwMDAwMDB9fQ==",
          "dependencies": [
            "module.vpc.aws_internet_gateway.this",
            "module.vpc.aws_vpc.this",
            "module.vpc.aws_vpc_ipv4_cidr_block_association.this"
          ]
        },
        {
          "index_key": 1,
          "schema_version": 0,
          "attributes": {
            "address": null,
            "allocation_id": "eipalloc-0b36eb55a49ac11ab",
            "arn": "arn:aws:ec2:ap-northeast-1:975050050239:elastic-ip/eipalloc-0b36eb55a49ac11ab",
            "associate_with_private_ip": null,
            "association_id": "",
            "carrier_ip": "",
            "customer_owned_ip": "",
            "customer_owned_ipv4_pool": "",
            "domain": "vpc",
            "id": "eipalloc-0b36eb55a49ac11ab",
            "instance": "",
            "network_border_group": "ap-northeast-1",
            "network_interface": "",
            "private_dns": null,
            "private_ip": "",
            "ptr_record": "",
            "public_dns": "ec2-18-182-193-65.ap-northeast-1.compute.amazonaws.com",
            "public_ip": "18.182.193.65",
            "public_ipv4_pool": "amazon",
            "tags": {
              "Environment": "test",
              "Name": "test-vpc-ap-northeast-1c",
              "Terraform": "true"
            },
            "tags_all": {
              "Environment": "test",
              "Name": "test-vpc-ap-northeast-1c",
              "Terraform": "true"
            },
            "timeouts": null,
            "vpc": true
          },
          "sensitive_attributes": [],
          "private": "eyJlMmJmYjczMC1lY2FhLTExZTYtOGY4OC0zNDM2M2JjN2M0YzAiOnsiZGVsZXRlIjoxODAwMDAwMDAwMDAsInJlYWQiOjkwMDAwMDAwMDAwMCwidXBkYXRlIjozMDAwMDAwMDAwMDB9fQ==",
          "dependencies": [
            "module.vpc.aws_internet_gateway.this",
            "module.vpc.aws_vpc.this",
            "module.vpc.aws_vpc_ipv4_cidr_block_association.this"
          ]
        }
      ]
    },
    {
      "module": "module.vpc",
      "mode": "managed",
      "type": "aws_internet_gateway",
      "name": "this",
      "provider": "provider[\"registry.terraform.io/hashicorp/aws\"]",
      "instances": [
        {
          "index_key": 0,
          "schema_version": 0,
          "attributes": {
            "arn": "arn:aws:ec2:ap-northeast-1:975050050239:internet-gateway/igw-05c2b7ea1a0474567",
            "id": "igw-05c2b7ea1a0474567",
            "owner_id": "975050050239",
            "tags": {
              "Environment": "test",
              "Name": "test-vpc",
              "Terraform": "true"
            },
            "tags_all": {
              "Environment": "test",
              "Name": "test-vpc",
              "Terraform": "true"
            },
            "timeouts": null,
            "vpc_id": "vpc-0cd4901dc32991711"
          },
          "sensitive_attributes": [],
          "private": "eyJlMmJmYjczMC1lY2FhLTExZTYtOGY4OC0zNDM2M2JjN2M0YzAiOnsiY3JlYXRlIjoxMjAwMDAwMDAwMDAwLCJkZWxldGUiOjEyMDAwMDAwMDAwMDAsInVwZGF0ZSI6MTIwMDAwMDAwMDAwMH19",
          "dependencies": [
            "module.vpc.aws_vpc.this",
            "module.vpc.aws_vpc_ipv4_cidr_block_association.this"
          ]
        }
      ]
    },
    {
      "module": "module.vpc",
      "mode": "managed",
      "type": "aws_nat_gateway",
      "name": "this",
      "provider": "provider[\"registry.terraform.io/hashicorp/aws\"]",
      "instances": [
        {
          "index_key": 0,
          "schema_version": 0,
          "attributes": {
            "allocation_id": "eipalloc-09acd5f41738dcffd",
            "association_id": "eipassoc-090e57b2dac3088ba",
            "connectivity_type": "public",
            "id": "nat-052db080663f2919a",
            "network_interface_id": "eni-0d0178375d6765f0a",
            "private_ip": "10.0.1.170",
            "public_ip": "54.249.167.9",
            "secondary_allocation_ids": null,
            "secondary_private_ip_address_count": 0,
            "secondary_private_ip_addresses": [],
            "subnet_id": "subnet-0d0a045e58f6d429f",
            "tags": {
              "Environment": "test",
              "Name": "test-vpc-ap-northeast-1a",
              "Terraform": "true"
            },
            "tags_all": {
              "Environment": "test",
              "Name": "test-vpc-ap-northeast-1a",
              "Terraform": "true"
            },
            "timeouts": null
          },
          "sensitive_attributes": [],
          "private": "eyJlMmJmYjczMC1lY2FhLTExZTYtOGY4OC0zNDM2M2JjN2M0YzAiOnsiY3JlYXRlIjo2MDAwMDAwMDAwMDAsImRlbGV0ZSI6MTgwMDAwMDAwMDAwMCwidXBkYXRlIjo2MDAwMDAwMDAwMDB9fQ==",
          "dependencies": [
            "module.vpc.aws_eip.nat",
            "module.vpc.aws_internet_gateway.this",
            "module.vpc.aws_subnet.public",
            "module.vpc.aws_vpc.this",
            "module.vpc.aws_vpc_ipv4_cidr_block_association.this"
          ]
        },
        {
          "index_key": 1,
          "schema_version": 0,
          "attributes": {
            "allocation_id": "eipalloc-0b36eb55a49ac11ab",
            "association_id": "eipassoc-00a9b504296d13c40",
            "connectivity_type": "public",
            "id": "nat-09bdab891994c126a",
            "network_interface_id": "eni-0ed9f350f491f9327",
            "private_ip": "10.0.2.99",
            "public_ip": "18.182.193.65",
            "secondary_allocation_ids": null,
            "secondary_private_ip_address_count": 0,
            "secondary_private_ip_addresses": [],
            "subnet_id": "subnet-0c7d124fbc104f688",
            "tags": {
              "Environment": "test",
              "Name": "test-vpc-ap-northeast-1c",
              "Terraform": "true"
            },
            "tags_all": {
              "Environment": "test",
              "Name": "test-vpc-ap-northeast-1c",
              "Terraform": "true"
            },
            "timeouts": null
          },
          "sensitive_attributes": [],
          "private": "eyJlMmJmYjczMC1lY2FhLTExZTYtOGY4OC0zNDM2M2JjN2M0YzAiOnsiY3JlYXRlIjo2MDAwMDAwMDAwMDAsImRlbGV0ZSI6MTgwMDAwMDAwMDAwMCwidXBkYXRlIjo2MDAwMDAwMDAwMDB9fQ==",
          "dependencies": [
            "module.vpc.aws_eip.nat",
            "module.vpc.aws_internet_gateway.this",
            "module.vpc.aws_subnet.public",
            "module.vpc.aws_vpc.this",
            "module.vpc.aws_vpc_ipv4_cidr_block_association.this"
          ]
        }
      ]
    },
    {
      "module": "module.vpc",
      "mode": "managed",
      "type": "aws_route",
      "name": "private_nat_gateway",
      "provider": "provider[\"registry.terraform.io/hashicorp/aws\"]",
      "instances": [
        {
          "index_key": 0,
          "schema_version": 0,
          "attributes": {
            "carrier_gateway_id": "",
            "core_network_arn": "",
            "destination_cidr_block": "0.0.0.0/0",
            "destination_ipv6_cidr_block": "",
            "destination_prefix_list_id": "",
            "egress_only_gateway_id": "",
            "gateway_id": "",
            "id": "r-rtb-0fb51ee9aeb049dd31080289494",
            "instance_id": "",
            "instance_owner_id": "",
            "local_gateway_id": "",
            "nat_gateway_id": "nat-052db080663f2919a",
            "network_interface_id": "",
            "origin": "CreateRoute",
            "route_table_id": "rtb-0fb51ee9aeb049dd3",
            "state": "active",
            "timeouts": {
              "create": "5m",
              "delete": null,
              "update": null
            },
            "transit_gateway_id": "",
            "vpc_endpoint_id": "",
            "vpc_peering_connection_id": ""
          },
          "sensitive_attributes": [],
          "private": "eyJlMmJmYjczMC1lY2FhLTExZTYtOGY4OC0zNDM2M2JjN2M0YzAiOnsiY3JlYXRlIjozMDAwMDAwMDAwMDAsImRlbGV0ZSI6MzAwMDAwMDAwMDAwLCJ1cGRhdGUiOjEyMDAwMDAwMDAwMH19",
          "dependencies": [
            "module.vpc.aws_eip.nat",
            "module.vpc.aws_internet_gateway.this",
            "module.vpc.aws_nat_gateway.this",
            "module.vpc.aws_route_table.private",
            "module.vpc.aws_subnet.public",
            "module.vpc.aws_vpc.this",
            "module.vpc.aws_vpc_ipv4_cidr_block_association.this"
          ]
        },
        {
          "index_key": 1,
          "schema_version": 0,
          "attributes": {
            "carrier_gateway_id": "",
            "core_network_arn": "",
            "destination_cidr_block": "0.0.0.0/0",
            "destination_ipv6_cidr_block": "",
            "destination_prefix_list_id": "",
            "egress_only_gateway_id": "",
            "gateway_id": "",
            "id": "r-rtb-0033318b82d05f18f1080289494",
            "instance_id": "",
            "instance_owner_id": "",
            "local_gateway_id": "",
            "nat_gateway_id": "nat-09bdab891994c126a",
            "network_interface_id": "",
            "origin": "CreateRoute",
            "route_table_id": "rtb-0033318b82d05f18f",
            "state": "active",
            "timeouts": {
              "create": "5m",
              "delete": null,
              "update": null
            },
            "transit_gateway_id": "",
            "vpc_endpoint_id": "",
            "vpc_peering_connection_id": ""
          },
          "sensitive_attributes": [],
          "private": "eyJlMmJmYjczMC1lY2FhLTExZTYtOGY4OC0zNDM2M2JjN2M0YzAiOnsiY3JlYXRlIjozMDAwMDAwMDAwMDAsImRlbGV0ZSI6MzAwMDAwMDAwMDAwLCJ1cGRhdGUiOjEyMDAwMDAwMDAwMH19",
          "dependencies": [
            "module.vpc.aws_eip.nat",
            "module.vpc.aws_internet_gateway.this",
            "module.vpc.aws_nat_gateway.this",
            "module.vpc.aws_route_table.private",
            "module.vpc.aws_subnet.public",
            "module.vpc.aws_vpc.this",
            "module.vpc.aws_vpc_ipv4_cidr_block_association.this"
          ]
        }
      ]
    },
    {
      "module": "module.vpc",
      "mode": "managed",
      "type": "aws_route",
      "name": "public_internet_gateway",
      "provider": "provider[\"registry.terraform.io/hashicorp/aws\"]",
      "instances": [
        {
          "index_key": 0,
          "schema_version": 0,
          "attributes": {
            "carrier_gateway_id": "",
            "core_network_arn": "",
            "destination_cidr_block": "0.0.0.0/0",
            "destination_ipv6_cidr_block": "",
            "destination_prefix_list_id": "",
            "egress_only_gateway_id": "",
            "gateway_id": "igw-05c2b7ea1a0474567",
            "id": "r-rtb-00e5930d65ccdd7191080289494",
            "instance_id": "",
            "instance_owner_id": "",
            "local_gateway_id": "",
            "nat_gateway_id": "",
            "network_interface_id": "",
            "origin": "CreateRoute",
            "route_table_id": "rtb-00e5930d65ccdd719",
            "state": "active",
            "timeouts": {
              "create": "5m",
              "delete": null,
              "update": null
            },
            "transit_gateway_id": "",
            "vpc_endpoint_id": "",
            "vpc_peering_connection_id": ""
          },
          "sensitive_attributes": [],
          "private": "eyJlMmJmYjczMC1lY2FhLTExZTYtOGY4OC0zNDM2M2JjN2M0YzAiOnsiY3JlYXRlIjozMDAwMDAwMDAwMDAsImRlbGV0ZSI6MzAwMDAwMDAwMDAwLCJ1cGRhdGUiOjEyMDAwMDAwMDAwMH19",
          "dependencies": [
            "module.vpc.aws_internet_gateway.this",
            "module.vpc.aws_route_table.public",
            "module.vpc.aws_vpc.this",
            "module.vpc.aws_vpc_ipv4_cidr_block_association.this"
          ]
        }
      ]
    },
    {
      "module": "module.vpc",
      "mode": "managed",
      "type": "aws_route_table",
      "name": "private",
      "provider": "provider[\"registry.terraform.io/hashicorp/aws\"]",
      "instances": [
        {
          "index_key": 0,
          "schema_version": 0,
          "attributes": {
            "arn": "arn:aws:ec2:ap-northeast-1:975050050239:route-table/rtb-0fb51ee9aeb049dd3",
            "id": "rtb-0fb51ee9aeb049dd3",
            "owner_id": "975050050239",
            "propagating_vgws": [],
            "route": [],
            "tags": {
              "Environment": "test",
              "Name": "test-vpc-private-ap-northeast-1a",
              "Terraform": "true"
            },
            "tags_all": {
              "Environment": "test",
              "Name": "test-vpc-private-ap-northeast-1a",
              "Terraform": "true"
            },
            "timeouts": null,
            "vpc_id": "vpc-0cd4901dc32991711"
          },
          "sensitive_attributes": [],
          "private": "eyJlMmJmYjczMC1lY2FhLTExZTYtOGY4OC0zNDM2M2JjN2M0YzAiOnsiY3JlYXRlIjozMDAwMDAwMDAwMDAsImRlbGV0ZSI6MzAwMDAwMDAwMDAwLCJ1cGRhdGUiOjEyMDAwMDAwMDAwMH19",
          "dependencies": [
            "module.vpc.aws_vpc.this",
            "module.vpc.aws_vpc_ipv4_cidr_block_association.this"
          ]
        },
        {
          "index_key": 1,
          "schema_version": 0,
          "attributes": {
            "arn": "arn:aws:ec2:ap-northeast-1:975050050239:route-table/rtb-0033318b82d05f18f",
            "id": "rtb-0033318b82d05f18f",
            "owner_id": "975050050239",
            "propagating_vgws": [],
            "route": [],
            "tags": {
              "Environment": "test",
              "Name": "test-vpc-private-ap-northeast-1c",
              "Terraform": "true"
            },
            "tags_all": {
              "Environment": "test",
              "Name": "test-vpc-private-ap-northeast-1c",
              "Terraform": "true"
            },
            "timeouts": null,
            "vpc_id": "vpc-0cd4901dc32991711"
          },
          "sensitive_attributes": [],
          "private": "eyJlMmJmYjczMC1lY2FhLTExZTYtOGY4OC0zNDM2M2JjN2M0YzAiOnsiY3JlYXRlIjozMDAwMDAwMDAwMDAsImRlbGV0ZSI6MzAwMDAwMDAwMDAwLCJ1cGRhdGUiOjEyMDAwMDAwMDAwMH19",
          "dependencies": [
            "module.vpc.aws_vpc.this",
            "module.vpc.aws_vpc_ipv4_cidr_block_association.this"
          ]
        }
      ]
    },
    {
      "module": "module.vpc",
      "mode": "managed",
      "type": "aws_route_table",
      "name": "public",
      "provider": "provider[\"registry.terraform.io/hashicorp/aws\"]",
      "instances": [
        {
          "index_key": 0,
          "schema_version": 0,
          "attributes": {
            "arn": "arn:aws:ec2:ap-northeast-1:975050050239:route-table/rtb-00e5930d65ccdd719",
            "id": "rtb-00e5930d65ccdd719",
            "owner_id": "975050050239",
            "propagating_vgws": [],
            "route": [],
            "tags": {
              "Environment": "test",
              "Name": "test-vpc-public",
              "Terraform": "true"
            },
            "tags_all": {
              "Environment": "test",
              "Name": "test-vpc-public",
              "Terraform": "true"
            },
            "timeouts": null,
            "vpc_id": "vpc-0cd4901dc32991711"
          },
          "sensitive_attributes": [],
          "private": "eyJlMmJmYjczMC1lY2FhLTExZTYtOGY4OC0zNDM2M2JjN2M0YzAiOnsiY3JlYXRlIjozMDAwMDAwMDAwMDAsImRlbGV0ZSI6MzAwMDAwMDAwMDAwLCJ1cGRhdGUiOjEyMDAwMDAwMDAwMH19",
          "dependencies": [
            "module.vpc.aws_vpc.this",
            "module.vpc.aws_vpc_ipv4_cidr_block_association.this"
          ]
        }
      ]
    },
    {
      "module": "module.vpc",
      "mode": "managed",
      "type": "aws_route_table_association",
      "name": "private",
      "provider": "provider[\"registry.terraform.io/hashicorp/aws\"]",
      "instances": [
        {
          "index_key": 0,
          "schema_version": 0,
          "attributes": {
            "gateway_id": "",
            "id": "rtbassoc-07204e2e5831609d5",
            "route_table_id": "rtb-0fb51ee9aeb049dd3",
            "subnet_id": "subnet-01b6113d26ad6d9e5",
            "timeouts": null
          },
          "sensitive_attributes": [],
          "private": "eyJlMmJmYjczMC1lY2FhLTExZTYtOGY4OC0zNDM2M2JjN2M0YzAiOnsiY3JlYXRlIjozMDAwMDAwMDAwMDAsImRlbGV0ZSI6MzAwMDAwMDAwMDAwLCJ1cGRhdGUiOjEyMDAwMDAwMDAwMH19",
          "dependencies": [
            "module.vpc.aws_route_table.private",
            "module.vpc.aws_subnet.private",
            "module.vpc.aws_vpc.this",
            "module.vpc.aws_vpc_ipv4_cidr_block_association.this"
          ]
        },
        {
          "index_key": 1,
          "schema_version": 0,
          "attributes": {
            "gateway_id": "",
            "id": "rtbassoc-07534466773e0d483",
            "route_table_id": "rtb-0033318b82d05f18f",
            "subnet_id": "subnet-0c4cc4a6c632c1023",
            "timeouts": null
          },
          "sensitive_attributes": [],
          "private": "eyJlMmJmYjczMC1lY2FhLTExZTYtOGY4OC0zNDM2M2JjN2M0YzAiOnsiY3JlYXRlIjozMDAwMDAwMDAwMDAsImRlbGV0ZSI6MzAwMDAwMDAwMDAwLCJ1cGRhdGUiOjEyMDAwMDAwMDAwMH19",
          "dependencies": [
            "module.vpc.aws_route_table.private",
            "module.vpc.aws_subnet.private",
            "module.vpc.aws_vpc.this",
            "module.vpc.aws_vpc_ipv4_cidr_block_association.this"
          ]
        }
      ]
    },
    {
      "module": "module.vpc",
      "mode": "managed",
      "type": "aws_route_table_association",
      "name": "public",
      "provider": "provider[\"registry.terraform.io/hashicorp/aws\"]",
      "instances": [
        {
          "index_key": 0,
          "schema_version": 0,
          "attributes": {
            "gateway_id": "",
            "id": "rtbassoc-00e654e4f7ba73ceb",
            "route_table_id": "rtb-00e5930d65ccdd719",
            "subnet_id": "subnet-0d0a045e58f6d429f",
            "timeouts": null
          },
          "sensitive_attributes": [],
          "private": "eyJlMmJmYjczMC1lY2FhLTExZTYtOGY4OC0zNDM2M2JjN2M0YzAiOnsiY3JlYXRlIjozMDAwMDAwMDAwMDAsImRlbGV0ZSI6MzAwMDAwMDAwMDAwLCJ1cGRhdGUiOjEyMDAwMDAwMDAwMH19",
          "dependencies": [
            "module.vpc.aws_route_table.public",
            "module.vpc.aws_subnet.public",
            "module.vpc.aws_vpc.this",
            "module.vpc.aws_vpc_ipv4_cidr_block_association.this"
          ]
        },
        {
          "index_key": 1,
          "schema_version": 0,
          "attributes": {
            "gateway_id": "",
            "id": "rtbassoc-0da0f5fbc0c0ee6d2",
            "route_table_id": "rtb-00e5930d65ccdd719",
            "subnet_id": "subnet-0c7d124fbc104f688",
            "timeouts": null
          },
          "sensitive_attributes": [],
          "private": "eyJlMmJmYjczMC1lY2FhLTExZTYtOGY4OC0zNDM2M2JjN2M0YzAiOnsiY3JlYXRlIjozMDAwMDAwMDAwMDAsImRlbGV0ZSI6MzAwMDAwMDAwMDAwLCJ1cGRhdGUiOjEyMDAwMDAwMDAwMH19",
          "dependencies": [
            "module.vpc.aws_route_table.public",
            "module.vpc.aws_subnet.public",
            "module.vpc.aws_vpc.this",
            "module.vpc.aws_vpc_ipv4_cidr_block_association.this"
          ]
        }
      ]
    },
    {
      "module": "module.vpc",
      "mode": "managed",
      "type": "aws_subnet",
      "name": "private",
      "provider": "provider[\"registry.terraform.io/hashicorp/aws\"]",
      "instances": [
        {
          "index_key": 0,
          "schema_version": 1,
          "attributes": {
            "arn": "arn:aws:ec2:ap-northeast-1:975050050239:subnet/subnet-01b6113d26ad6d9e5",
            "assign_ipv6_address_on_creation": false,
            "availability_zone": "ap-northeast-1a",
            "availability_zone_id": "apne1-az4",
            "cidr_block": "10.0.3.0/24",
            "customer_owned_ipv4_pool": "",
            "enable_dns64": false,
            "enable_lni_at_device_index": 0,
            "enable_resource_name_dns_a_record_on_launch": false,
            "enable_resource_name_dns_aaaa_record_on_launch": false,
            "id": "subnet-01b6113d26ad6d9e5",
            "ipv6_cidr_block": "",
            "ipv6_cidr_block_association_id": "",
            "ipv6_native": false,
            "map_customer_owned_ip_on_launch": false,
            "map_public_ip_on_launch": false,
            "outpost_arn": "",
            "owner_id": "975050050239",
            "private_dns_hostname_type_on_launch": "ip-name",
            "tags": {
              "Environment": "test",
              "Name": "test-vpc-private-ap-northeast-1a",
              "Terraform": "true"
            },
            "tags_all": {
              "Environment": "test",
              "Name": "test-vpc-private-ap-northeast-1a",
              "Terraform": "true"
            },
            "timeouts": null,
            "vpc_id": "vpc-0cd4901dc32991711"
          },
          "sensitive_attributes": [],
          "private": "eyJlMmJmYjczMC1lY2FhLTExZTYtOGY4OC0zNDM2M2JjN2M0YzAiOnsiY3JlYXRlIjo2MDAwMDAwMDAwMDAsImRlbGV0ZSI6MTIwMDAwMDAwMDAwMH0sInNjaGVtYV92ZXJzaW9uIjoiMSJ9",
          "dependencies": [
            "module.vpc.aws_vpc.this",
            "module.vpc.aws_vpc_ipv4_cidr_block_association.this"
          ],
          "create_before_destroy": true
        },
        {
          "index_key": 1,
          "schema_version": 1,
          "attributes": {
            "arn": "arn:aws:ec2:ap-northeast-1:975050050239:subnet/subnet-0c4cc4a6c632c1023",
            "assign_ipv6_address_on_creation": false,
            "availability_zone": "ap-northeast-1c",
            "availability_zone_id": "apne1-az1",
            "cidr_block": "10.0.4.0/24",
            "customer_owned_ipv4_pool": "",
            "enable_dns64": false,
            "enable_lni_at_device_index": 0,
            "enable_resource_name_dns_a_record_on_launch": false,
            "enable_resource_name_dns_aaaa_record_on_launch": false,
            "id": "subnet-0c4cc4a6c632c1023",
            "ipv6_cidr_block": "",
            "ipv6_cidr_block_association_id": "",
            "ipv6_native": false,
            "map_customer_owned_ip_on_launch": false,
            "map_public_ip_on_launch": false,
            "outpost_arn": "",
            "owner_id": "975050050239",
            "private_dns_hostname_type_on_launch": "ip-name",
            "tags": {
              "Environment": "test",
              "Name": "test-vpc-private-ap-northeast-1c",
              "Terraform": "true"
            },
            "tags_all": {
              "Environment": "test",
              "Name": "test-vpc-private-ap-northeast-1c",
              "Terraform": "true"
            },
            "timeouts": null,
            "vpc_id": "vpc-0cd4901dc32991711"
          },
          "sensitive_attributes": [],
          "private": "eyJlMmJmYjczMC1lY2FhLTExZTYtOGY4OC0zNDM2M2JjN2M0YzAiOnsiY3JlYXRlIjo2MDAwMDAwMDAwMDAsImRlbGV0ZSI6MTIwMDAwMDAwMDAwMH0sInNjaGVtYV92ZXJzaW9uIjoiMSJ9",
          "dependencies": [
            "module.vpc.aws_vpc.this",
            "module.vpc.aws_vpc_ipv4_cidr_block_association.this"
          ],
          "create_before_destroy": true
        }
      ]
    },
    {
      "module": "module.vpc",
      "mode": "managed",
      "type": "aws_subnet",
      "name": "public",
      "provider": "provider[\"registry.terraform.io/hashicorp/aws\"]",
      "instances": [
        {
          "index_key": 0,
          "schema_version": 1,
          "attributes": {
            "arn": "arn:aws:ec2:ap-northeast-1:975050050239:subnet/subnet-0d0a045e58f6d429f",
            "assign_ipv6_address_on_creation": false,
            "availability_zone": "ap-northeast-1a",
            "availability_zone_id": "apne1-az4",
            "cidr_block": "10.0.1.0/24",
            "customer_owned_ipv4_pool": "",
            "enable_dns64": false,
            "enable_lni_at_device_index": 0,
            "enable_resource_name_dns_a_record_on_launch": false,
            "enable_resource_name_dns_aaaa_record_on_launch": false,
            "id": "subnet-0d0a045e58f6d429f",
            "ipv6_cidr_block": "",
            "ipv6_cidr_block_association_id": "",
            "ipv6_native": false,
            "map_customer_owned_ip_on_launch": false,
            "map_public_ip_on_launch": false,
            "outpost_arn": "",
            "owner_id": "975050050239",
            "private_dns_hostname_type_on_launch": "ip-name",
            "tags": {
              "Environment": "test",
              "Name": "test-vpc-public-ap-northeast-1a",
              "Terraform": "true"
            },
            "tags_all": {
              "Environment": "test",
              "Name": "test-vpc-public-ap-northeast-1a",
              "Terraform": "true"
            },
            "timeouts": null,
            "vpc_id": "vpc-0cd4901dc32991711"
          },
          "sensitive_attributes": [],
          "private": "eyJlMmJmYjczMC1lY2FhLTExZTYtOGY4OC0zNDM2M2JjN2M0YzAiOnsiY3JlYXRlIjo2MDAwMDAwMDAwMDAsImRlbGV0ZSI6MTIwMDAwMDAwMDAwMH0sInNjaGVtYV92ZXJzaW9uIjoiMSJ9",
          "dependencies": [
            "module.vpc.aws_vpc.this",
            "module.vpc.aws_vpc_ipv4_cidr_block_association.this"
          ],
          "create_before_destroy": true
        },
        {
          "index_key": 1,
          "schema_version": 1,
          "attributes": {
            "arn": "arn:aws:ec2:ap-northeast-1:975050050239:subnet/subnet-0c7d124fbc104f688",
            "assign_ipv6_address_on_creation": false,
            "availability_zone": "ap-northeast-1c",
            "availability_zone_id": "apne1-az1",
            "cidr_block": "10.0.2.0/24",
            "customer_owned_ipv4_pool": "",
            "enable_dns64": false,
            "enable_lni_at_device_index": 0,
            "enable_resource_name_dns_a_record_on_launch": false,
            "enable_resource_name_dns_aaaa_record_on_launch": false,
            "id": "subnet-0c7d124fbc104f688",
            "ipv6_cidr_block": "",
            "ipv6_cidr_block_association_id": "",
            "ipv6_native": false,
            "map_customer_owned_ip_on_launch": false,
            "map_public_ip_on_launch": false,
            "outpost_arn": "",
            "owner_id": "975050050239",
            "private_dns_hostname_type_on_launch": "ip-name",
            "tags": {
              "Environment": "test",
              "Name": "test-vpc-public-ap-northeast-1c",
              "Terraform": "true"
            },
            "tags_all": {
              "Environment": "test",
              "Name": "test-vpc-public-ap-northeast-1c",
              "Terraform": "true"
            },
            "timeouts": null,
            "vpc_id": "vpc-0cd4901dc32991711"
          },
          "sensitive_attributes": [],
          "private": "eyJlMmJmYjczMC1lY2FhLTExZTYtOGY4OC0zNDM2M2JjN2M0YzAiOnsiY3JlYXRlIjo2MDAwMDAwMDAwMDAsImRlbGV0ZSI6MTIwMDAwMDAwMDAwMH0sInNjaGVtYV92ZXJzaW9uIjoiMSJ9",
          "dependencies": [
            "module.vpc.aws_vpc.this",
            "module.vpc.aws_vpc_ipv4_cidr_block_association.this"
          ],
          "create_before_destroy": true
        }
      ]
    },
    {
      "module": "module.vpc",
      "mode": "managed",
      "type": "aws_vpc",
      "name": "this",
      "provider": "provider[\"registry.terraform.io/hashicorp/aws\"]",
      "instances": [
        {
          "index_key": 0,
          "schema_version": 1,
          "attributes": {
            "arn": "arn:aws:ec2:ap-northeast-1:975050050239:vpc/vpc-0cd4901dc32991711",
            "assign_generated_ipv6_cidr_block": false,
            "cidr_block": "10.0.0.0/16",
            "default_network_acl_id": "acl-069279365821b0364",
            "default_route_table_id": "rtb-0af27e525da2bf2b1",
            "default_security_group_id": "sg-030c7176ed40b3be2",
            "dhcp_options_id": "dopt-06b5cfe0707980a9c",
            "enable_dns_hostnames": true,
            "enable_dns_support": true,
            "enable_network_address_usage_metrics": false,
            "id": "vpc-0cd4901dc32991711",
            "instance_tenancy": "default",
            "ipv4_ipam_pool_id": null,
            "ipv4_netmask_length": null,
            "ipv6_association_id": "",
            "ipv6_cidr_block": "",
            "ipv6_cidr_block_network_border_group": "",
            "ipv6_ipam_pool_id": "",
            "ipv6_netmask_length": 0,
            "main_route_table_id": "rtb-0af27e525da2bf2b1",
            "owner_id": "975050050239",
            "tags": {
              "Environment": "test",
              "Name": "test-vpc",
              "Terraform": "true"
            },
            "tags_all": {
              "Environment": "test",
              "Name": "test-vpc",
              "Terraform": "true"
            }
          },
          "sensitive_attributes": [],
          "private": "eyJzY2hlbWFfdmVyc2lvbiI6IjEifQ==",
          "create_before_destroy": true
        }
      ]
    },
    {
      "module": "module.vpc",
      "mode": "managed",
      "type": "aws_vpn_gateway",
      "name": "this",
      "provider": "provider[\"registry.terraform.io/hashicorp/aws\"]",
      "instances": [
        {
          "index_key": 0,
          "schema_version": 0,
          "attributes": {
            "amazon_side_asn": "64512",
            "arn": "arn:aws:ec2:ap-northeast-1:975050050239:vpn-gateway/vgw-07be6e359c52e8bad",
            "availability_zone": null,
            "id": "vgw-07be6e359c52e8bad",
            "tags": {
              "Environment": "test",
              "Name": "test-vpc",
              "Terraform": "true"
            },
            "tags_all": {
              "Environment": "test",
              "Name": "test-vpc",
              "Terraform": "true"
            },
            "vpc_id": "vpc-0cd4901dc32991711"
          },
          "sensitive_attributes": [],
          "private": "bnVsbA==",
          "dependencies": [
            "module.vpc.aws_vpc.this",
            "module.vpc.aws_vpc_ipv4_cidr_block_association.this"
          ]
        }
      ]
    }
  ],
  "check_results": null
}
