{
  "version": 4,
  "terraform_version": "1.9.1",
  "serial": 38,
  "lineage": "ac274492-61dd-2363-f630-b58c2ae0ac6f",
  "outputs": {
    "ec2_public_ip": {
      "value": "57.181.147.212",
      "type": "string"
    }
  },
  "resources": [
    {
      "mode": "managed",
      "type": "aws_eip",
      "name": "eip",
      "provider": "provider[\"registry.terraform.io/hashicorp/aws\"]",
      "instances": [
        {
          "schema_version": 0,
          "attributes": {
            "address": null,
            "allocation_id": "eipalloc-016b70357ea6c8e6b",
            "associate_with_private_ip": null,
            "association_id": "eipassoc-0cb464b6fa44c2eb0",
            "carrier_ip": "",
            "customer_owned_ip": "",
            "customer_owned_ipv4_pool": "",
            "domain": "vpc",
            "id": "eipalloc-016b70357ea6c8e6b",
            "instance": "i-0c0f50c78d441ba62",
            "network_border_group": "ap-northeast-1",
            "network_interface": "eni-086da6bda407b0827",
            "private_dns": "ip-10-0-1-102.ap-northeast-1.compute.internal",
            "private_ip": "10.0.1.102",
            "public_dns": "ec2-57-181-147-212.ap-northeast-1.compute.amazonaws.com",
            "public_ip": "57.181.147.212",
            "public_ipv4_pool": "amazon",
            "tags": null,
            "tags_all": {},
            "timeouts": null,
            "vpc": true
          },
          "sensitive_attributes": [],
          "private": "eyJlMmJmYjczMC1lY2FhLTExZTYtOGY4OC0zNDM2M2JjN2M0YzAiOnsiZGVsZXRlIjoxODAwMDAwMDAwMDAsInJlYWQiOjkwMDAwMDAwMDAwMCwidXBkYXRlIjozMDAwMDAwMDAwMDB9fQ==",
          "dependencies": [
            "aws_instance.node",
            "aws_key_pair.deployer",
            "module.vpc.aws_subnet.public",
            "module.vpc.aws_vpc.this",
            "module.vpc.aws_vpc_ipv4_cidr_block_association.this",
            "tls_private_key.ssh-key"
          ]
        }
      ]
    },
    {
      "mode": "managed",
      "type": "aws_instance",
      "name": "node",
      "provider": "provider[\"registry.terraform.io/hashicorp/aws\"]",
      "instances": [
        {
          "schema_version": 1,
          "attributes": {
            "ami": "ami-0a0b7b240264a48d7",
            "arn": "arn:aws:ec2:ap-northeast-1:975050050239:instance/i-0c0f50c78d441ba62",
            "associate_public_ip_address": false,
            "availability_zone": "ap-northeast-1a",
            "capacity_reservation_specification": [
              {
                "capacity_reservation_preference": "open",
                "capacity_reservation_target": []
              }
            ],
            "cpu_core_count": 1,
            "cpu_options": [
              {
                "amd_sev_snp": "",
                "core_count": 1,
                "threads_per_core": 1
              }
            ],
            "cpu_threads_per_core": 1,
            "credit_specification": [
              {
                "cpu_credits": "standard"
              }
            ],
            "disable_api_stop": false,
            "disable_api_termination": false,
            "ebs_block_device": [],
            "ebs_optimized": false,
            "enclave_options": [
              {
                "enabled": false
              }
            ],
            "ephemeral_block_device": [],
            "get_password_data": false,
            "hibernation": false,
            "host_id": "",
            "host_resource_group_arn": null,
            "iam_instance_profile": "",
            "id": "i-0c0f50c78d441ba62",
            "instance_initiated_shutdown_behavior": "stop",
            "instance_lifecycle": "",
            "instance_market_options": [],
            "instance_state": "running",
            "instance_type": "t2.micro",
            "ipv6_address_count": 0,
            "ipv6_addresses": [],
            "key_name": "deployer-key",
            "launch_template": [],
            "maintenance_options": [
              {
                "auto_recovery": "default"
              }
            ],
            "metadata_options": [
              {
                "http_endpoint": "enabled",
                "http_protocol_ipv6": "disabled",
                "http_put_response_hop_limit": 2,
                "http_tokens": "required",
                "instance_metadata_tags": "disabled"
              }
            ],
            "monitoring": false,
            "network_interface": [],
            "outpost_arn": "",
            "password_data": "",
            "placement_group": "",
            "placement_partition_number": 0,
            "primary_network_interface_id": "eni-086da6bda407b0827",
            "private_dns": "ip-10-0-1-102.ap-northeast-1.compute.internal",
            "private_dns_name_options": [
              {
                "enable_resource_name_dns_a_record": false,
                "enable_resource_name_dns_aaaa_record": false,
                "hostname_type": "ip-name"
              }
            ],
            "private_ip": "10.0.1.102",
            "public_dns": "",
            "public_ip": "",
            "root_block_device": [
              {
                "delete_on_termination": true,
                "device_name": "/dev/sda1",
                "encrypted": false,
                "iops": 3000,
                "kms_key_id": "",
                "tags": null,
                "throughput": 125,
                "volume_id": "vol-0ca2066beceedc3c7",
                "volume_size": 10,
                "volume_type": "gp3"
              }
            ],
            "secondary_private_ips": [],
            "security_groups": [],
            "source_dest_check": true,
            "spot_instance_request_id": "",
            "subnet_id": "subnet-06c4b410bd8fb0927",
            "tags": {
              "Name": "TF Generated EC2"
            },
            "tags_all": {
              "Name": "TF Generated EC2"
            },
            "tenancy": "default",
            "timeouts": null,
            "user_data": "31806ae0e0657f6e5591f211e60c9781d1073df0",
            "user_data_base64": null,
            "user_data_replace_on_change": false,
            "volume_tags": null,
            "vpc_security_group_ids": [
              "sg-0a2c3ee1b76a014f3"
            ]
          },
          "sensitive_attributes": [],
          "private": "eyJlMmJmYjczMC1lY2FhLTExZTYtOGY4OC0zNDM2M2JjN2M0YzAiOnsiY3JlYXRlIjo2MDAwMDAwMDAwMDAsImRlbGV0ZSI6MTIwMDAwMDAwMDAwMCwidXBkYXRlIjo2MDAwMDAwMDAwMDB9LCJzY2hlbWFfdmVyc2lvbiI6IjEifQ==",
          "dependencies": [
            "aws_key_pair.deployer",
            "module.vpc.aws_subnet.public",
            "module.vpc.aws_vpc.this",
            "module.vpc.aws_vpc_ipv4_cidr_block_association.this",
            "tls_private_key.ssh-key"
          ]
        }
      ]
    },
    {
      "mode": "managed",
      "type": "aws_key_pair",
      "name": "deployer",
      "provider": "provider[\"registry.terraform.io/hashicorp/aws\"]",
      "instances": [
        {
          "schema_version": 1,
          "attributes": {
            "arn": "arn:aws:ec2:ap-northeast-1:975050050239:key-pair/deployer-key",
            "fingerprint": "b2:44:87:8c:50:33:75:08:cf:5f:cc:4a:d2:f8:76:d0",
            "id": "deployer-key",
            "key_name": "deployer-key",
            "key_name_prefix": "",
            "key_pair_id": "key-0346d61ec75901c93",
            "key_type": "rsa",
            "public_key": "ssh-rsa AAAAB3NzaC1yc2EAAAADAQABAAACAQC9yZ5ALcsSyIlsdm/xMcZikwQzf/vruvz6eEAabTyBuUzhg68bIvfvvBjhcLeR9vUkvBR5HP5uheaA9Ec13qgfZvVY98RjePIa37WWvilpy9BfZ5+tXtHywWEFQQN50RvAP6DgzRqNyjWoo0DYgdF97zUs1c3gMC96jdYpA82sr0D1Lrh9om0WVuKLd9nAn2PfEZPWVsWdBcQHCbt2gmknvHMJbCK96XE46sL5guXTiI3BwLZkbOt1/WOvMm2tK3QMG1gv28j+FTkq5oCl0F+pZQ1rubYIAy+4i51Bhi+3PHhON3RJCOxLFQKwuNTxyeZjIv1Kn8TGco3ABob4+bR1LDNxrqxCKXskxEkRf6kATK7crHWCRJ6guDqLhuNeu8o9XFifaK6gSAoSFkauEAD9SUwfPnfq6o5j2kCmAA9yMPixGUnzcwOKo99GDc+28USeiSKBjTgW//HLIy+cPRIj/bgFi7IVqCX013iQGL4dVTRhfne3NCrjISZmtxObL8cshtUJbFGh/dqUGOWMwjBngnZscqPhxvxOLZWXkOg4G0Mje/kAN7/orc0TRStCxyGx2iNC3rWsB57mGnnHV03mH6PULU1oEqDAPKHDfzlKXxUW4sEmo/+9bei11FhTpHGBdDupRiizdIsr3bBFiUanEZNekBOC0jKOY4JHe4iRxw==",
            "tags": null,
            "tags_all": {}
          },
          "sensitive_attributes": [],
          "private": "eyJzY2hlbWFfdmVyc2lvbiI6IjEifQ==",
          "dependencies": [
            "tls_private_key.ssh-key"
          ]
        }
      ]
    },
    {
      "mode": "managed",
      "type": "local_file",
      "name": "ssh_key",
      "provider": "provider[\"registry.terraform.io/hashicorp/local\"]",
      "instances": [
        {
          "schema_version": 0,
          "attributes": {
            "content": "-----BEGIN RSA PRIVATE KEY-----\nMIIJKAIBAAKCAgEAvcmeQC3LEsiJbHZv8THGYpMEM3/767r8+nhAGm08gblM4YOv\nGyL377wY4XC3kfb1JLwUeRz+boXmgPRHNd6oH2b1WPfEY3jyGt+1lr4pacvQX2ef\nrV7R8sFhBUEDedEbwD+g4M0ajco1qKNA2IHRfe81LNXN4DAveo3WKQPNrK9A9S64\nfaJtFlbii3fZwJ9j3xGT1lbFnQXEBwm7doJpJ7xzCWwivelxOOrC+YLl04iNwcC2\nZGzrdf1jrzJtrSt0DBtYL9vI/hU5KuaApdBfqWUNa7m2CAMvuIudQYYvtzx4Tjd0\nSQjsSxUCsLjU8cnmYyL9Sp/ExnKNwAaG+Pm0dSwzca6sQil7JMRJEX+pAEyu3Kx1\ngkSeoLg6i4bjXrvKPVxYn2iuoEgKEhZGrhAA/UlMHz536uqOY9pApgAPcjD4sRlJ\n83MDiqPfRg3PtvFEnokigY04Fv/xyyMvnD0SI/24BYuyFagl9Nd4kBi+HVU0YX53\ntzQq4yEmZrcTmy/HLIbVCWxRof3alBjljMIwZ4J2bHKj4cb8Ti2Vl5DoOBtDI3v5\nADe/6K3NE0UrQschsdojQt61rAee5hp5x1dN5h+j1C1NaBKgwDyhw385Sl8VFuLB\nJqP/vW3otdRYU6RxgXQ7qUYos3SLK92wRYlGpxGTXpATgtIyjmOCR3uIkccCAwEA\nAQKCAgBv2/yk8Rim+oFc5zW1YFQAV4x7Wiy+VNi0O9n0eXvXLcMti/LSOLsPlrrH\nbSsVIgx82Unr1HX16H/ic5fhHVnUIFftVyNuSaPQyRf7QBuimpk3EhlgEuoFfYrU\nkOweiWwk1Jvaw6ip94vG2Gno8iLqaenagi20vFHPlvep9u7rn+PWXvIoQmqvZwhh\nkYNLb+ZqXK7Y/w28LeDLESZnhBe8busSm6SicIvmMyA19bvGAM8kapRV/oiNY4q0\ngTF5hooAdMF2e8EsWI/4RCGBGZ64dbICU1QBxvcCe291ZkSLaF20JCUqwtKaskiC\npn4EAK8EsWO+7woIuQ3pJy+4YVzFSpjNh+vlXwaGm96wLnQNlM4yB7DxC6CrnuGw\nBuJw4oYEGkCTVj6f0X4URk8K9JEmdOwxRIqn3nMMnhsg14O5KdUdM7oalACXePWJ\npGQjm6MoKnu1qhL6nubAOJfzSXVttCq3VJ+8UdDQ/7lIHQzLHyTsgEZbTKyHReeC\n2IzMnnm8H1EUByJy23JLGsJmmpI66Ib9TRlMb7XYUFo00XrhtQHsD3HGTmfyqyf9\nUMJShI+rx1dUlFEAsJCSB107BZWv8JGfK37njqaS1a+wO7MHossRxWuXntigIy1H\nEo/u4fOJE4rSUr5BZj7fPPizvPD+lRU/AnAIfd1ww6eeAUTMcQKCAQEA6+HUPzZ2\njiYOaZlY6+XeQxUKLAYlZzL8k3QtWl6HJ7hPId7GTJXWi3bensYQM6EPYcltJqaR\nn2yCULiZYl0cbkLYWeUjbT32c8q2+b+OCVhUUQMdVv2gO81+10nPBu5Vxnh89/mZ\njUUyKtdD/tcTQ/O9XsS8KXabPuzhH648Lj/t4LuyYoMgDs77ZcjhUcrKW3eds9Bk\nDpEcjRZ9QtD6Ym0aQTTY+yB/4nHLjMchTj9ydlD54IVcFxwjqdrQQOY+4OAgxyDv\nACJDQQu+YC4vMLEbURrgfux33ZuP579+y8ewIpWMyDJ/U7tO264qod5sdmSNY6Rs\nb/DN2UjNvXGMGQKCAQEAzflgMU4CMqpF2dAb9JhMnQmW3kl9B+5afs6o0nfXKvBY\nTmTJ5OxZraMnqtSIOzagbADDM0oKDfYPQl392H+jCI4746hKqdxT7/IvTGKNf9wX\n+NS385rG0FPIfkq9Ml7m2lWqgDqQGLJWC9UDPIMJODBOg+atiHtZ3HeCqWDzD+8i\nHf0qDKxXyJyK6gRzT6AGf3P++RqzLXpqwt6tN/oSgUD4WoGg0R+GW+C6Z2zuIu49\nufHmFi0mohsaB3zFe2POTk8PB62yAw7Mbm4n/GSkLeAlG1b9NNcnZYtwMWI3zVjy\n6BLbJCl8dsFkbaiurDtpDsfaECkpST0P8ysThwzI3wKCAQAZhabEbC0ptj5q+Jeh\ndo607WrbVpLndqHThod9tqqjBpMxU/xavv+muWbfAQkxvOSALR4tR2qMOF5lQ4P9\nG5v+5iaom11Y7ZJj9vQTU8GXi0IcPd0H04tpzRNDUg4fbtxDDDhhUFVn7qu97OrD\ngRvph07fGSROzDGB/nlhRyXlzy762PQ1KoDmeUjEO5b9lZaNjQS4Nv0MgnD3Zw6I\nkzn0Ol/T3Fb53QtZQfzHL6iP4deNq7dNrsBHE9lcAHv1+bOl+zowsYSKnCpwuEeR\n+o1KlG8jOGg/83AIv1MzvQmIHQQWyd2gr64NLkAbDt44A2vy53BQ7rJ47jInp3Pz\nYnzJAoIBAQC9OczVfwUl5qglYrtMCl7YJmcj7/+duawJs3IFaXOTTxrRambQmRIK\nI0nd90Lwo07d6hVqmSqDiPqbzh3XN+tfgMwkaget5Wx3k9dAJYo5XMnpIAOfGSJt\nYYtf+um1zNno26q4AxU+mxfR5vACN5/QrxByvQnPyQLVODYhxZ+Hk/mT83EeE3bS\nJn64Xz5QeIN/s+EamRzjOwO54zjfpC478KQ5Ab3sYTneTqbxPXHJRXYPzdvDo9dK\nNfvDxSzoHtj5uEfmlfxkMsQ875ZsmUj7nGB6rYARe1gGQgPgWotJa948tpX8suBV\neXX6CG3wbOQnYBNFpYr4bdCpZXmbKHOhAoIBAGH9bFSnCxtm+XYwgeGg+gOlG/qp\nPIOHe/5Oawl6z2WZwGQclCUwYY04hOltcP8yKcSOjtbYbC/gG4tXWemKLLwWNY99\nwobJxniuirA8rYoemdpMjP0B+hul+d11q/Iq95GY4kQWI7zjc5k9g8QQHyy0AcOb\nug94SLF5G0rllTFDjSSSbtgvYXZCkoNj4n1U5lPt6lnSLQUsKx86+y5PlBNtUL+3\nVVNxP1990O0luOGYoTMybrRPsQRfufclreyaG7MAdSGPTKDyAi2OiII3TZCKJlz9\nBenMhFuphJp3TbUwo6PisMhVuRC/PTAG3NZxzDVdlFy9aNQQqnGpfgev5t8=\n-----END RSA PRIVATE KEY-----\n",
            "content_base64": null,
            "content_base64sha256": "udBjnA4jxGPtO1DZXtsBMwHurV/IVAWNtGStOid5y88=",
            "content_base64sha512": "9iq5ZMfJn1wfu0Sxu+OSqKDR75OUn/gqL9FniHpvaVRssFEoQhluEyIaOYMmZ/3C2Kq9F8w3IDzR24+KXFHVBg==",
            "content_md5": "a8a046c9cd961b16f35c75d8026502be",
            "content_sha1": "83dfc98439052d9d5746441e7493e677c6de5d83",
            "content_sha256": "b9d0639c0e23c463ed3b50d95edb013301eead5fc854058db464ad3a2779cbcf",
            "content_sha512": "f62ab964c7c99f5c1fbb44b1bbe392a8a0d1ef93949ff82a2fd167887a6f69546cb0512842196e13221a39832667fdc2d8aabd17cc37203cd1db8f8a5c51d506",
            "directory_permission": "0777",
            "file_permission": "0777",
            "filename": "deployer-key.pem",
            "id": "83dfc98439052d9d5746441e7493e677c6de5d83",
            "sensitive_content": null,
            "source": null
          },
          "sensitive_attributes": [
            [
              {
                "type": "get_attr",
                "value": "content"
              }
            ],
            [
              {
                "type": "get_attr",
                "value": "sensitive_content"
              }
            ]
          ],
          "dependencies": [
            "aws_key_pair.deployer",
            "tls_private_key.ssh-key"
          ]
        }
      ]
    },
    {
      "mode": "managed",
      "type": "tls_private_key",
      "name": "ssh-key",
      "provider": "provider[\"registry.terraform.io/hashicorp/tls\"]",
      "instances": [
        {
          "schema_version": 1,
          "attributes": {
            "algorithm": "RSA",
            "ecdsa_curve": "P224",
            "id": "2076dc91442bb6fb3b8ecab976b4b3e8afa1a2e8",
            "private_key_openssh": "-----BEGIN OPENSSH PRIVATE KEY-----\nb3BlbnNzaC1rZXktdjEAAAAABG5vbmUAAAAEbm9uZQAAAAAAAAABAAACFwAAAAdz\nc2gtcnNhAAAAAwEAAQAAAgEAvcmeQC3LEsiJbHZv8THGYpMEM3/767r8+nhAGm08\ngblM4YOvGyL377wY4XC3kfb1JLwUeRz+boXmgPRHNd6oH2b1WPfEY3jyGt+1lr4p\nacvQX2efrV7R8sFhBUEDedEbwD+g4M0ajco1qKNA2IHRfe81LNXN4DAveo3WKQPN\nrK9A9S64faJtFlbii3fZwJ9j3xGT1lbFnQXEBwm7doJpJ7xzCWwivelxOOrC+YLl\n04iNwcC2ZGzrdf1jrzJtrSt0DBtYL9vI/hU5KuaApdBfqWUNa7m2CAMvuIudQYYv\ntzx4Tjd0SQjsSxUCsLjU8cnmYyL9Sp/ExnKNwAaG+Pm0dSwzca6sQil7JMRJEX+p\nAEyu3Kx1gkSeoLg6i4bjXrvKPVxYn2iuoEgKEhZGrhAA/UlMHz536uqOY9pApgAP\ncjD4sRlJ83MDiqPfRg3PtvFEnokigY04Fv/xyyMvnD0SI/24BYuyFagl9Nd4kBi+\nHVU0YX53tzQq4yEmZrcTmy/HLIbVCWxRof3alBjljMIwZ4J2bHKj4cb8Ti2Vl5Do\nOBtDI3v5ADe/6K3NE0UrQschsdojQt61rAee5hp5x1dN5h+j1C1NaBKgwDyhw385\nSl8VFuLBJqP/vW3otdRYU6RxgXQ7qUYos3SLK92wRYlGpxGTXpATgtIyjmOCR3uI\nkccAAAc4BMwivwTMIr8AAAAHc3NoLXJzYQAAAgEAvcmeQC3LEsiJbHZv8THGYpME\nM3/767r8+nhAGm08gblM4YOvGyL377wY4XC3kfb1JLwUeRz+boXmgPRHNd6oH2b1\nWPfEY3jyGt+1lr4pacvQX2efrV7R8sFhBUEDedEbwD+g4M0ajco1qKNA2IHRfe81\nLNXN4DAveo3WKQPNrK9A9S64faJtFlbii3fZwJ9j3xGT1lbFnQXEBwm7doJpJ7xz\nCWwivelxOOrC+YLl04iNwcC2ZGzrdf1jrzJtrSt0DBtYL9vI/hU5KuaApdBfqWUN\na7m2CAMvuIudQYYvtzx4Tjd0SQjsSxUCsLjU8cnmYyL9Sp/ExnKNwAaG+Pm0dSwz\nca6sQil7JMRJEX+pAEyu3Kx1gkSeoLg6i4bjXrvKPVxYn2iuoEgKEhZGrhAA/UlM\nHz536uqOY9pApgAPcjD4sRlJ83MDiqPfRg3PtvFEnokigY04Fv/xyyMvnD0SI/24\nBYuyFagl9Nd4kBi+HVU0YX53tzQq4yEmZrcTmy/HLIbVCWxRof3alBjljMIwZ4J2\nbHKj4cb8Ti2Vl5DoOBtDI3v5ADe/6K3NE0UrQschsdojQt61rAee5hp5x1dN5h+j\n1C1NaBKgwDyhw385Sl8VFuLBJqP/vW3otdRYU6RxgXQ7qUYos3SLK92wRYlGpxGT\nXpATgtIyjmOCR3uIkccAAAADAQABAAACAG/b/KTxGKb6gVznNbVgVABXjHtaLL5U\n2LQ72fR5e9ctwy2L8tI4uw+WusdtKxUiDHzZSevUdfXof+Jzl+EdWdQgV+1XI25J\no9DJF/tAG6KamTcSGWAS6gV9itSQ7B6JbCTUm9rDqKn3i8bYaejyIupp6dqCLbS8\nUc+W96n27uuf49Ze8ihCaq9nCGGRg0tv5mpcrtj/Dbwt4MsRJmeEF7xu6xKbpKJw\ni+YzIDX1u8YAzyRqlFX+iI1jirSBMXmGigB0wXZ7wSxYj/hEIYEZnrh1sgJTVAHG\n9wJ7b3VmRItoXbQkJSrC0pqySIKmfgQArwSxY77vCgi5DeknL7hhXMVKmM2H6+Vf\nBoab3rAudA2UzjIHsPELoKue4bAG4nDihgQaQJNWPp/RfhRGTwr0kSZ07DFEiqfe\ncwyeGyDXg7kp1R0zuhqUAJd49YmkZCOboygqe7WqEvqe5sA4l/NJdW20KrdUn7xR\n0ND/uUgdDMsfJOyARltMrIdF54LYjMyeebwfURQHInLbcksawmaakjrohv1NGUxv\ntdhQWjTReuG1AewPccZOZ/KrJ/1QwlKEj6vHV1SUUQCwkJIHXTsFla/wkZ8rfueO\nppLVr7A7sweiyxHFa5ee2KAjLUcSj+7h84kTitJSvkFmPt88+LO88P6VFT8CcAh9\n3XDDp54BRMxxAAABAGH9bFSnCxtm+XYwgeGg+gOlG/qpPIOHe/5Oawl6z2WZwGQc\nlCUwYY04hOltcP8yKcSOjtbYbC/gG4tXWemKLLwWNY99wobJxniuirA8rYoemdpM\njP0B+hul+d11q/Iq95GY4kQWI7zjc5k9g8QQHyy0AcObug94SLF5G0rllTFDjSSS\nbtgvYXZCkoNj4n1U5lPt6lnSLQUsKx86+y5PlBNtUL+3VVNxP1990O0luOGYoTMy\nbrRPsQRfufclreyaG7MAdSGPTKDyAi2OiII3TZCKJlz9BenMhFuphJp3TbUwo6Pi\nsMhVuRC/PTAG3NZxzDVdlFy9aNQQqnGpfgev5t8AAAEBAOvh1D82do4mDmmZWOvl\n3kMVCiwGJWcy/JN0LVpehye4TyHexkyV1ot23p7GEDOhD2HJbSamkZ9sglC4mWJd\nHG5C2FnlI2099nPKtvm/jglYVFEDHVb9oDvNftdJzwbuVcZ4fPf5mY1FMirXQ/7X\nE0PzvV7EvCl2mz7s4R+uPC4/7eC7smKDIA7O+2XI4VHKylt3nbPQZA6RHI0WfULQ\n+mJtGkE02Psgf+Jxy4zHIU4/cnZQ+eCFXBccI6na0EDmPuDgIMcg7wAiQ0ELvmAu\nLzCxG1Ea4H7sd92bj+e/fsvHsCKVjMgyf1O7TtuuKqHebHZkjWOkbG/wzdlIzb1x\njBkAAAEBAM35YDFOAjKqRdnQG/SYTJ0Jlt5JfQfuWn7OqNJ31yrwWE5kyeTsWa2j\nJ6rUiDs2oGwAwzNKCg32D0Jd/dh/owiOO+OoSqncU+/yL0xijX/cF/jUt/OaxtBT\nyH5KvTJe5tpVqoA6kBiyVgvVAzyDCTgwToPmrYh7Wdx3gqlg8w/vIh39KgysV8ic\niuoEc0+gBn9z/vkasy16asLerTf6EoFA+FqBoNEfhlvgumds7iLuPbnx5hYtJqIb\nGgd8xXtjzk5PDwetsgMOzG5uJ/xkpC3gJRtW/TTXJ2WLcDFiN81Y8ugS2yQpfHbB\nZG2orqw7aQ7H2hApKUk9D/MrE4cMyN8AAAAAAQID\n-----END OPENSSH PRIVATE KEY-----\n",
            "private_key_pem": "-----BEGIN RSA PRIVATE KEY-----\nMIIJKAIBAAKCAgEAvcmeQC3LEsiJbHZv8THGYpMEM3/767r8+nhAGm08gblM4YOv\nGyL377wY4XC3kfb1JLwUeRz+boXmgPRHNd6oH2b1WPfEY3jyGt+1lr4pacvQX2ef\nrV7R8sFhBUEDedEbwD+g4M0ajco1qKNA2IHRfe81LNXN4DAveo3WKQPNrK9A9S64\nfaJtFlbii3fZwJ9j3xGT1lbFnQXEBwm7doJpJ7xzCWwivelxOOrC+YLl04iNwcC2\nZGzrdf1jrzJtrSt0DBtYL9vI/hU5KuaApdBfqWUNa7m2CAMvuIudQYYvtzx4Tjd0\nSQjsSxUCsLjU8cnmYyL9Sp/ExnKNwAaG+Pm0dSwzca6sQil7JMRJEX+pAEyu3Kx1\ngkSeoLg6i4bjXrvKPVxYn2iuoEgKEhZGrhAA/UlMHz536uqOY9pApgAPcjD4sRlJ\n83MDiqPfRg3PtvFEnokigY04Fv/xyyMvnD0SI/24BYuyFagl9Nd4kBi+HVU0YX53\ntzQq4yEmZrcTmy/HLIbVCWxRof3alBjljMIwZ4J2bHKj4cb8Ti2Vl5DoOBtDI3v5\nADe/6K3NE0UrQschsdojQt61rAee5hp5x1dN5h+j1C1NaBKgwDyhw385Sl8VFuLB\nJqP/vW3otdRYU6RxgXQ7qUYos3SLK92wRYlGpxGTXpATgtIyjmOCR3uIkccCAwEA\nAQKCAgBv2/yk8Rim+oFc5zW1YFQAV4x7Wiy+VNi0O9n0eXvXLcMti/LSOLsPlrrH\nbSsVIgx82Unr1HX16H/ic5fhHVnUIFftVyNuSaPQyRf7QBuimpk3EhlgEuoFfYrU\nkOweiWwk1Jvaw6ip94vG2Gno8iLqaenagi20vFHPlvep9u7rn+PWXvIoQmqvZwhh\nkYNLb+ZqXK7Y/w28LeDLESZnhBe8busSm6SicIvmMyA19bvGAM8kapRV/oiNY4q0\ngTF5hooAdMF2e8EsWI/4RCGBGZ64dbICU1QBxvcCe291ZkSLaF20JCUqwtKaskiC\npn4EAK8EsWO+7woIuQ3pJy+4YVzFSpjNh+vlXwaGm96wLnQNlM4yB7DxC6CrnuGw\nBuJw4oYEGkCTVj6f0X4URk8K9JEmdOwxRIqn3nMMnhsg14O5KdUdM7oalACXePWJ\npGQjm6MoKnu1qhL6nubAOJfzSXVttCq3VJ+8UdDQ/7lIHQzLHyTsgEZbTKyHReeC\n2IzMnnm8H1EUByJy23JLGsJmmpI66Ib9TRlMb7XYUFo00XrhtQHsD3HGTmfyqyf9\nUMJShI+rx1dUlFEAsJCSB107BZWv8JGfK37njqaS1a+wO7MHossRxWuXntigIy1H\nEo/u4fOJE4rSUr5BZj7fPPizvPD+lRU/AnAIfd1ww6eeAUTMcQKCAQEA6+HUPzZ2\njiYOaZlY6+XeQxUKLAYlZzL8k3QtWl6HJ7hPId7GTJXWi3bensYQM6EPYcltJqaR\nn2yCULiZYl0cbkLYWeUjbT32c8q2+b+OCVhUUQMdVv2gO81+10nPBu5Vxnh89/mZ\njUUyKtdD/tcTQ/O9XsS8KXabPuzhH648Lj/t4LuyYoMgDs77ZcjhUcrKW3eds9Bk\nDpEcjRZ9QtD6Ym0aQTTY+yB/4nHLjMchTj9ydlD54IVcFxwjqdrQQOY+4OAgxyDv\nACJDQQu+YC4vMLEbURrgfux33ZuP579+y8ewIpWMyDJ/U7tO264qod5sdmSNY6Rs\nb/DN2UjNvXGMGQKCAQEAzflgMU4CMqpF2dAb9JhMnQmW3kl9B+5afs6o0nfXKvBY\nTmTJ5OxZraMnqtSIOzagbADDM0oKDfYPQl392H+jCI4746hKqdxT7/IvTGKNf9wX\n+NS385rG0FPIfkq9Ml7m2lWqgDqQGLJWC9UDPIMJODBOg+atiHtZ3HeCqWDzD+8i\nHf0qDKxXyJyK6gRzT6AGf3P++RqzLXpqwt6tN/oSgUD4WoGg0R+GW+C6Z2zuIu49\nufHmFi0mohsaB3zFe2POTk8PB62yAw7Mbm4n/GSkLeAlG1b9NNcnZYtwMWI3zVjy\n6BLbJCl8dsFkbaiurDtpDsfaECkpST0P8ysThwzI3wKCAQAZhabEbC0ptj5q+Jeh\ndo607WrbVpLndqHThod9tqqjBpMxU/xavv+muWbfAQkxvOSALR4tR2qMOF5lQ4P9\nG5v+5iaom11Y7ZJj9vQTU8GXi0IcPd0H04tpzRNDUg4fbtxDDDhhUFVn7qu97OrD\ngRvph07fGSROzDGB/nlhRyXlzy762PQ1KoDmeUjEO5b9lZaNjQS4Nv0MgnD3Zw6I\nkzn0Ol/T3Fb53QtZQfzHL6iP4deNq7dNrsBHE9lcAHv1+bOl+zowsYSKnCpwuEeR\n+o1KlG8jOGg/83AIv1MzvQmIHQQWyd2gr64NLkAbDt44A2vy53BQ7rJ47jInp3Pz\nYnzJAoIBAQC9OczVfwUl5qglYrtMCl7YJmcj7/+duawJs3IFaXOTTxrRambQmRIK\nI0nd90Lwo07d6hVqmSqDiPqbzh3XN+tfgMwkaget5Wx3k9dAJYo5XMnpIAOfGSJt\nYYtf+um1zNno26q4AxU+mxfR5vACN5/QrxByvQnPyQLVODYhxZ+Hk/mT83EeE3bS\nJn64Xz5QeIN/s+EamRzjOwO54zjfpC478KQ5Ab3sYTneTqbxPXHJRXYPzdvDo9dK\nNfvDxSzoHtj5uEfmlfxkMsQ875ZsmUj7nGB6rYARe1gGQgPgWotJa948tpX8suBV\neXX6CG3wbOQnYBNFpYr4bdCpZXmbKHOhAoIBAGH9bFSnCxtm+XYwgeGg+gOlG/qp\nPIOHe/5Oawl6z2WZwGQclCUwYY04hOltcP8yKcSOjtbYbC/gG4tXWemKLLwWNY99\nwobJxniuirA8rYoemdpMjP0B+hul+d11q/Iq95GY4kQWI7zjc5k9g8QQHyy0AcOb\nug94SLF5G0rllTFDjSSSbtgvYXZCkoNj4n1U5lPt6lnSLQUsKx86+y5PlBNtUL+3\nVVNxP1990O0luOGYoTMybrRPsQRfufclreyaG7MAdSGPTKDyAi2OiII3TZCKJlz9\nBenMhFuphJp3TbUwo6PisMhVuRC/PTAG3NZxzDVdlFy9aNQQqnGpfgev5t8=\n-----END RSA PRIVATE KEY-----\n",
            "private_key_pem_pkcs8": "-----BEGIN PRIVATE KEY-----\nMIIJQgIBADANBgkqhkiG9w0BAQEFAASCCSwwggkoAgEAAoICAQC9yZ5ALcsSyIls\ndm/xMcZikwQzf/vruvz6eEAabTyBuUzhg68bIvfvvBjhcLeR9vUkvBR5HP5uheaA\n9Ec13qgfZvVY98RjePIa37WWvilpy9BfZ5+tXtHywWEFQQN50RvAP6DgzRqNyjWo\no0DYgdF97zUs1c3gMC96jdYpA82sr0D1Lrh9om0WVuKLd9nAn2PfEZPWVsWdBcQH\nCbt2gmknvHMJbCK96XE46sL5guXTiI3BwLZkbOt1/WOvMm2tK3QMG1gv28j+FTkq\n5oCl0F+pZQ1rubYIAy+4i51Bhi+3PHhON3RJCOxLFQKwuNTxyeZjIv1Kn8TGco3A\nBob4+bR1LDNxrqxCKXskxEkRf6kATK7crHWCRJ6guDqLhuNeu8o9XFifaK6gSAoS\nFkauEAD9SUwfPnfq6o5j2kCmAA9yMPixGUnzcwOKo99GDc+28USeiSKBjTgW//HL\nIy+cPRIj/bgFi7IVqCX013iQGL4dVTRhfne3NCrjISZmtxObL8cshtUJbFGh/dqU\nGOWMwjBngnZscqPhxvxOLZWXkOg4G0Mje/kAN7/orc0TRStCxyGx2iNC3rWsB57m\nGnnHV03mH6PULU1oEqDAPKHDfzlKXxUW4sEmo/+9bei11FhTpHGBdDupRiizdIsr\n3bBFiUanEZNekBOC0jKOY4JHe4iRxwIDAQABAoICAG/b/KTxGKb6gVznNbVgVABX\njHtaLL5U2LQ72fR5e9ctwy2L8tI4uw+WusdtKxUiDHzZSevUdfXof+Jzl+EdWdQg\nV+1XI25Jo9DJF/tAG6KamTcSGWAS6gV9itSQ7B6JbCTUm9rDqKn3i8bYaejyIupp\n6dqCLbS8Uc+W96n27uuf49Ze8ihCaq9nCGGRg0tv5mpcrtj/Dbwt4MsRJmeEF7xu\n6xKbpKJwi+YzIDX1u8YAzyRqlFX+iI1jirSBMXmGigB0wXZ7wSxYj/hEIYEZnrh1\nsgJTVAHG9wJ7b3VmRItoXbQkJSrC0pqySIKmfgQArwSxY77vCgi5DeknL7hhXMVK\nmM2H6+VfBoab3rAudA2UzjIHsPELoKue4bAG4nDihgQaQJNWPp/RfhRGTwr0kSZ0\n7DFEiqfecwyeGyDXg7kp1R0zuhqUAJd49YmkZCOboygqe7WqEvqe5sA4l/NJdW20\nKrdUn7xR0ND/uUgdDMsfJOyARltMrIdF54LYjMyeebwfURQHInLbcksawmaakjro\nhv1NGUxvtdhQWjTReuG1AewPccZOZ/KrJ/1QwlKEj6vHV1SUUQCwkJIHXTsFla/w\nkZ8rfueOppLVr7A7sweiyxHFa5ee2KAjLUcSj+7h84kTitJSvkFmPt88+LO88P6V\nFT8CcAh93XDDp54BRMxxAoIBAQDr4dQ/NnaOJg5pmVjr5d5DFQosBiVnMvyTdC1a\nXocnuE8h3sZMldaLdt6exhAzoQ9hyW0mppGfbIJQuJliXRxuQthZ5SNtPfZzyrb5\nv44JWFRRAx1W/aA7zX7XSc8G7lXGeHz3+ZmNRTIq10P+1xND871exLwpdps+7OEf\nrjwuP+3gu7JigyAOzvtlyOFRyspbd52z0GQOkRyNFn1C0PpibRpBNNj7IH/iccuM\nxyFOP3J2UPnghVwXHCOp2tBA5j7g4CDHIO8AIkNBC75gLi8wsRtRGuB+7Hfdm4/n\nv37Lx7AilYzIMn9Tu07briqh3mx2ZI1jpGxv8M3ZSM29cYwZAoIBAQDN+WAxTgIy\nqkXZ0Bv0mEydCZbeSX0H7lp+zqjSd9cq8FhOZMnk7Fmtoyeq1Ig7NqBsAMMzSgoN\n9g9CXf3Yf6MIjjvjqEqp3FPv8i9MYo1/3Bf41LfzmsbQU8h+Sr0yXubaVaqAOpAY\nslYL1QM8gwk4ME6D5q2Ie1ncd4KpYPMP7yId/SoMrFfInIrqBHNPoAZ/c/75GrMt\nemrC3q03+hKBQPhagaDRH4Zb4LpnbO4i7j258eYWLSaiGxoHfMV7Y85OTw8HrbID\nDsxubif8ZKQt4CUbVv001ydli3AxYjfNWPLoEtskKXx2wWRtqK6sO2kOx9oQKSlJ\nPQ/zKxOHDMjfAoIBABmFpsRsLSm2Pmr4l6F2jrTtattWkud2odOGh322qqMGkzFT\n/Fq+/6a5Zt8BCTG85IAtHi1Haow4XmVDg/0bm/7mJqibXVjtkmP29BNTwZeLQhw9\n3QfTi2nNE0NSDh9u3EMMOGFQVWfuq73s6sOBG+mHTt8ZJE7MMYH+eWFHJeXPLvrY\n9DUqgOZ5SMQ7lv2Vlo2NBLg2/QyCcPdnDoiTOfQ6X9PcVvndC1lB/McvqI/h142r\nt02uwEcT2VwAe/X5s6X7OjCxhIqcKnC4R5H6jUqUbyM4aD/zcAi/UzO9CYgdBBbJ\n3aCvrg0uQBsO3jgDa/LncFDusnjuMienc/NifMkCggEBAL05zNV/BSXmqCViu0wK\nXtgmZyPv/525rAmzcgVpc5NPGtFqZtCZEgojSd33QvCjTt3qFWqZKoOI+pvOHdc3\n61+AzCRqB63lbHeT10AlijlcyekgA58ZIm1hi1/66bXM2ejbqrgDFT6bF9Hm8AI3\nn9CvEHK9Cc/JAtU4NiHFn4eT+ZPzcR4TdtImfrhfPlB4g3+z4RqZHOM7A7njON+k\nLjvwpDkBvexhOd5OpvE9cclFdg/N28Oj10o1+8PFLOge2Pm4R+aV/GQyxDzvlmyZ\nSPucYHqtgBF7WAZCA+Bai0lr3jy2lfyy4FV5dfoIbfBs5CdgE0Wlivht0KlleZso\nc6ECggEAYf1sVKcLG2b5djCB4aD6A6Ub+qk8g4d7/k5rCXrPZZnAZByUJTBhjTiE\n6W1w/zIpxI6O1thsL+Abi1dZ6YosvBY1j33ChsnGeK6KsDytih6Z2kyM/QH6G6X5\n3XWr8ir3kZjiRBYjvONzmT2DxBAfLLQBw5u6D3hIsXkbSuWVMUONJJJu2C9hdkKS\ng2PifVTmU+3qWdItBSwrHzr7Lk+UE21Qv7dVU3E/X33Q7SW44ZihMzJutE+xBF+5\n9yWt7JobswB1IY9MoPICLY6IgjdNkIomXP0F6cyEW6mEmndNtTCjo+KwyFW5EL89\nMAbc1nHMNV2UXL1o1BCqcal+B6/m3w==\n-----END PRIVATE KEY-----\n",
            "public_key_fingerprint_md5": "00:d4:c4:dc:7e:64:20:6d:d3:5a:f2:80:22:a3:4f:96",
            "public_key_fingerprint_sha256": "SHA256:EotShwrFitzRVB0Wb2Y0QFhuBL3wIUnhW7AcIZ/2ShQ",
            "public_key_openssh": "ssh-rsa AAAAB3NzaC1yc2EAAAADAQABAAACAQC9yZ5ALcsSyIlsdm/xMcZikwQzf/vruvz6eEAabTyBuUzhg68bIvfvvBjhcLeR9vUkvBR5HP5uheaA9Ec13qgfZvVY98RjePIa37WWvilpy9BfZ5+tXtHywWEFQQN50RvAP6DgzRqNyjWoo0DYgdF97zUs1c3gMC96jdYpA82sr0D1Lrh9om0WVuKLd9nAn2PfEZPWVsWdBcQHCbt2gmknvHMJbCK96XE46sL5guXTiI3BwLZkbOt1/WOvMm2tK3QMG1gv28j+FTkq5oCl0F+pZQ1rubYIAy+4i51Bhi+3PHhON3RJCOxLFQKwuNTxyeZjIv1Kn8TGco3ABob4+bR1LDNxrqxCKXskxEkRf6kATK7crHWCRJ6guDqLhuNeu8o9XFifaK6gSAoSFkauEAD9SUwfPnfq6o5j2kCmAA9yMPixGUnzcwOKo99GDc+28USeiSKBjTgW//HLIy+cPRIj/bgFi7IVqCX013iQGL4dVTRhfne3NCrjISZmtxObL8cshtUJbFGh/dqUGOWMwjBngnZscqPhxvxOLZWXkOg4G0Mje/kAN7/orc0TRStCxyGx2iNC3rWsB57mGnnHV03mH6PULU1oEqDAPKHDfzlKXxUW4sEmo/+9bei11FhTpHGBdDupRiizdIsr3bBFiUanEZNekBOC0jKOY4JHe4iRxw==\n",
            "public_key_pem": "-----BEGIN PUBLIC KEY-----\nMIICIjANBgkqhkiG9w0BAQEFAAOCAg8AMIICCgKCAgEAvcmeQC3LEsiJbHZv8THG\nYpMEM3/767r8+nhAGm08gblM4YOvGyL377wY4XC3kfb1JLwUeRz+boXmgPRHNd6o\nH2b1WPfEY3jyGt+1lr4pacvQX2efrV7R8sFhBUEDedEbwD+g4M0ajco1qKNA2IHR\nfe81LNXN4DAveo3WKQPNrK9A9S64faJtFlbii3fZwJ9j3xGT1lbFnQXEBwm7doJp\nJ7xzCWwivelxOOrC+YLl04iNwcC2ZGzrdf1jrzJtrSt0DBtYL9vI/hU5KuaApdBf\nqWUNa7m2CAMvuIudQYYvtzx4Tjd0SQjsSxUCsLjU8cnmYyL9Sp/ExnKNwAaG+Pm0\ndSwzca6sQil7JMRJEX+pAEyu3Kx1gkSeoLg6i4bjXrvKPVxYn2iuoEgKEhZGrhAA\n/UlMHz536uqOY9pApgAPcjD4sRlJ83MDiqPfRg3PtvFEnokigY04Fv/xyyMvnD0S\nI/24BYuyFagl9Nd4kBi+HVU0YX53tzQq4yEmZrcTmy/HLIbVCWxRof3alBjljMIw\nZ4J2bHKj4cb8Ti2Vl5DoOBtDI3v5ADe/6K3NE0UrQschsdojQt61rAee5hp5x1dN\n5h+j1C1NaBKgwDyhw385Sl8VFuLBJqP/vW3otdRYU6RxgXQ7qUYos3SLK92wRYlG\npxGTXpATgtIyjmOCR3uIkccCAwEAAQ==\n-----END PUBLIC KEY-----\n",
            "rsa_bits": 4096
          },
          "sensitive_attributes": [
            [
              {
                "type": "get_attr",
                "value": "private_key_openssh"
              }
            ],
            [
              {
                "type": "get_attr",
                "value": "private_key_pem_pkcs8"
              }
            ],
            [
              {
                "type": "get_attr",
                "value": "private_key_pem"
              }
            ]
          ]
        }
      ]
    },
    {
      "module": "module.vpc",
      "mode": "managed",
      "type": "aws_default_network_acl",
      "name": "this",
      "provider": "provider[\"registry.terraform.io/hashicorp/aws\"]",
      "instances": [
        {
          "index_key": 0,
          "schema_version": 0,
          "attributes": {
            "arn": "arn:aws:ec2:ap-northeast-1:975050050239:network-acl/acl-06aeaf9d1232796d1",
            "default_network_acl_id": "acl-06aeaf9d1232796d1",
            "egress": [
              {
                "action": "allow",
                "cidr_block": "",
                "from_port": 0,
                "icmp_code": null,
                "icmp_type": null,
                "ipv6_cidr_block": "::/0",
                "protocol": "-1",
                "rule_no": 101,
                "to_port": 0
              },
              {
                "action": "allow",
                "cidr_block": "0.0.0.0/0",
                "from_port": 0,
                "icmp_code": null,
                "icmp_type": null,
                "ipv6_cidr_block": "",
                "protocol": "-1",
                "rule_no": 100,
                "to_port": 0
              }
            ],
            "id": "acl-06aeaf9d1232796d1",
            "ingress": [
              {
                "action": "allow",
                "cidr_block": "",
                "from_port": 0,
                "icmp_code": null,
                "icmp_type": null,
                "ipv6_cidr_block": "::/0",
                "protocol": "-1",
                "rule_no": 101,
                "to_port": 0
              },
              {
                "action": "allow",
                "cidr_block": "0.0.0.0/0",
                "from_port": 0,
                "icmp_code": null,
                "icmp_type": null,
                "ipv6_cidr_block": "",
                "protocol": "-1",
                "rule_no": 100,
                "to_port": 0
              }
            ],
            "owner_id": "975050050239",
            "subnet_ids": [
              "subnet-06c4b410bd8fb0927"
            ],
            "tags": {
              "Name": "my-vpc-default"
            },
            "tags_all": {
              "Name": "my-vpc-default"
            },
            "vpc_id": "vpc-0acea5dbfa5ff7910"
          },
          "sensitive_attributes": [],
          "private": "bnVsbA==",
          "dependencies": [
            "module.vpc.aws_vpc.this"
          ]
        }
      ]
    },
    {
      "module": "module.vpc",
      "mode": "managed",
      "type": "aws_default_route_table",
      "name": "default",
      "provider": "provider[\"registry.terraform.io/hashicorp/aws\"]",
      "instances": [
        {
          "index_key": 0,
          "schema_version": 0,
          "attributes": {
            "arn": "arn:aws:ec2:ap-northeast-1:975050050239:route-table/rtb-065342c000991fbf5",
            "default_route_table_id": "rtb-065342c000991fbf5",
            "id": "rtb-065342c000991fbf5",
            "owner_id": "975050050239",
            "propagating_vgws": null,
            "route": [],
            "tags": {
              "Name": "my-vpc-default"
            },
            "tags_all": {
              "Name": "my-vpc-default"
            },
            "timeouts": {
              "create": "5m",
              "update": "5m"
            },
            "vpc_id": "vpc-0acea5dbfa5ff7910"
          },
          "sensitive_attributes": [],
          "private": "eyJlMmJmYjczMC1lY2FhLTExZTYtOGY4OC0zNDM2M2JjN2M0YzAiOnsiY3JlYXRlIjozMDAwMDAwMDAwMDAsInVwZGF0ZSI6MzAwMDAwMDAwMDAwfX0=",
          "dependencies": [
            "module.vpc.aws_vpc.this"
          ]
        }
      ]
    },
    {
      "module": "module.vpc",
      "mode": "managed",
      "type": "aws_default_security_group",
      "name": "this",
      "provider": "provider[\"registry.terraform.io/hashicorp/aws\"]",
      "instances": [
        {
          "index_key": 0,
          "schema_version": 1,
          "attributes": {
            "arn": "arn:aws:ec2:ap-northeast-1:975050050239:security-group/sg-0a2c3ee1b76a014f3",
            "description": "default VPC security group",
            "egress": [
              {
                "cidr_blocks": [
                  "0.0.0.0/0"
                ],
                "description": "",
                "from_port": 0,
                "ipv6_cidr_blocks": [],
                "prefix_list_ids": [],
                "protocol": "-1",
                "security_groups": [],
                "self": false,
                "to_port": 0
              }
            ],
            "id": "sg-0a2c3ee1b76a014f3",
            "ingress": [
              {
                "cidr_blocks": [
                  "0.0.0.0/0"
                ],
                "description": "",
                "from_port": 22,
                "ipv6_cidr_blocks": [],
                "prefix_list_ids": [],
                "protocol": "tcp",
                "security_groups": [],
                "self": false,
                "to_port": 22
              },
              {
                "cidr_blocks": [
                  "0.0.0.0/0"
                ],
                "description": "",
                "from_port": 80,
                "ipv6_cidr_blocks": [],
                "prefix_list_ids": [],
                "protocol": "tcp",
                "security_groups": [],
                "self": false,
                "to_port": 80
              }
            ],
            "name": "default",
            "name_prefix": "",
            "owner_id": "975050050239",
            "revoke_rules_on_delete": false,
            "tags": {
              "Name": "my-vpc-default"
            },
            "tags_all": {
              "Name": "my-vpc-default"
            },
            "vpc_id": "vpc-0acea5dbfa5ff7910"
          },
          "sensitive_attributes": [],
          "private": "eyJzY2hlbWFfdmVyc2lvbiI6IjEifQ==",
          "dependencies": [
            "module.vpc.aws_vpc.this"
          ]
        }
      ]
    },
    {
      "module": "module.vpc",
      "mode": "managed",
      "type": "aws_internet_gateway",
      "name": "this",
      "provider": "provider[\"registry.terraform.io/hashicorp/aws\"]",
      "instances": [
        {
          "index_key": 0,
          "schema_version": 0,
          "attributes": {
            "arn": "arn:aws:ec2:ap-northeast-1:975050050239:internet-gateway/igw-0fe51ef0bdcfff982",
            "id": "igw-0fe51ef0bdcfff982",
            "owner_id": "975050050239",
            "tags": {
              "Name": "my-vpc"
            },
            "tags_all": {
              "Name": "my-vpc"
            },
            "timeouts": null,
            "vpc_id": "vpc-0acea5dbfa5ff7910"
          },
          "sensitive_attributes": [],
          "private": "eyJlMmJmYjczMC1lY2FhLTExZTYtOGY4OC0zNDM2M2JjN2M0YzAiOnsiY3JlYXRlIjoxMjAwMDAwMDAwMDAwLCJkZWxldGUiOjEyMDAwMDAwMDAwMDAsInVwZGF0ZSI6MTIwMDAwMDAwMDAwMH19",
          "dependencies": [
            "module.vpc.aws_vpc.this",
            "module.vpc.aws_vpc_ipv4_cidr_block_association.this"
          ]
        }
      ]
    },
    {
      "module": "module.vpc",
      "mode": "managed",
      "type": "aws_route",
      "name": "public_internet_gateway",
      "provider": "provider[\"registry.terraform.io/hashicorp/aws\"]",
      "instances": [
        {
          "index_key": 0,
          "schema_version": 0,
          "attributes": {
            "carrier_gateway_id": "",
            "core_network_arn": "",
            "destination_cidr_block": "0.0.0.0/0",
            "destination_ipv6_cidr_block": "",
            "destination_prefix_list_id": "",
            "egress_only_gateway_id": "",
            "gateway_id": "igw-0fe51ef0bdcfff982",
            "id": "r-rtb-08e5b51550322388c1080289494",
            "instance_id": "",
            "instance_owner_id": "",
            "local_gateway_id": "",
            "nat_gateway_id": "",
            "network_interface_id": "",
            "origin": "CreateRoute",
            "route_table_id": "rtb-08e5b51550322388c",
            "state": "active",
            "timeouts": {
              "create": "5m",
              "delete": null,
              "update": null
            },
            "transit_gateway_id": "",
            "vpc_endpoint_id": "",
            "vpc_peering_connection_id": ""
          },
          "sensitive_attributes": [],
          "private": "eyJlMmJmYjczMC1lY2FhLTExZTYtOGY4OC0zNDM2M2JjN2M0YzAiOnsiY3JlYXRlIjozMDAwMDAwMDAwMDAsImRlbGV0ZSI6MzAwMDAwMDAwMDAwLCJ1cGRhdGUiOjEyMDAwMDAwMDAwMH19",
          "dependencies": [
            "module.vpc.aws_internet_gateway.this",
            "module.vpc.aws_route_table.public",
            "module.vpc.aws_vpc.this",
            "module.vpc.aws_vpc_ipv4_cidr_block_association.this"
          ]
        }
      ]
    },
    {
      "module": "module.vpc",
      "mode": "managed",
      "type": "aws_route_table",
      "name": "public",
      "provider": "provider[\"registry.terraform.io/hashicorp/aws\"]",
      "instances": [
        {
          "index_key": 0,
          "schema_version": 0,
          "attributes": {
            "arn": "arn:aws:ec2:ap-northeast-1:975050050239:route-table/rtb-08e5b51550322388c",
            "id": "rtb-08e5b51550322388c",
            "owner_id": "975050050239",
            "propagating_vgws": [],
            "route": [],
            "tags": {
              "Name": "my-vpc-public"
            },
            "tags_all": {
              "Name": "my-vpc-public"
            },
            "timeouts": null,
            "vpc_id": "vpc-0acea5dbfa5ff7910"
          },
          "sensitive_attributes": [],
          "private": "eyJlMmJmYjczMC1lY2FhLTExZTYtOGY4OC0zNDM2M2JjN2M0YzAiOnsiY3JlYXRlIjozMDAwMDAwMDAwMDAsImRlbGV0ZSI6MzAwMDAwMDAwMDAwLCJ1cGRhdGUiOjEyMDAwMDAwMDAwMH19",
          "dependencies": [
            "module.vpc.aws_vpc.this",
            "module.vpc.aws_vpc_ipv4_cidr_block_association.this"
          ]
        }
      ]
    },
    {
      "module": "module.vpc",
      "mode": "managed",
      "type": "aws_route_table_association",
      "name": "public",
      "provider": "provider[\"registry.terraform.io/hashicorp/aws\"]",
      "instances": [
        {
          "index_key": 0,
          "schema_version": 0,
          "attributes": {
            "gateway_id": "",
            "id": "rtbassoc-0713838caf90a87f6",
            "route_table_id": "rtb-08e5b51550322388c",
            "subnet_id": "subnet-06c4b410bd8fb0927",
            "timeouts": null
          },
          "sensitive_attributes": [],
          "private": "eyJlMmJmYjczMC1lY2FhLTExZTYtOGY4OC0zNDM2M2JjN2M0YzAiOnsiY3JlYXRlIjozMDAwMDAwMDAwMDAsImRlbGV0ZSI6MzAwMDAwMDAwMDAwLCJ1cGRhdGUiOjEyMDAwMDAwMDAwMH19",
          "dependencies": [
            "module.vpc.aws_route_table.public",
            "module.vpc.aws_subnet.public",
            "module.vpc.aws_vpc.this",
            "module.vpc.aws_vpc_ipv4_cidr_block_association.this"
          ]
        }
      ]
    },
    {
      "module": "module.vpc",
      "mode": "managed",
      "type": "aws_subnet",
      "name": "public",
      "provider": "provider[\"registry.terraform.io/hashicorp/aws\"]",
      "instances": [
        {
          "index_key": 0,
          "schema_version": 1,
          "attributes": {
            "arn": "arn:aws:ec2:ap-northeast-1:975050050239:subnet/subnet-06c4b410bd8fb0927",
            "assign_ipv6_address_on_creation": false,
            "availability_zone": "ap-northeast-1a",
            "availability_zone_id": "apne1-az4",
            "cidr_block": "10.0.1.0/24",
            "customer_owned_ipv4_pool": "",
            "enable_dns64": false,
            "enable_lni_at_device_index": 0,
            "enable_resource_name_dns_a_record_on_launch": false,
            "enable_resource_name_dns_aaaa_record_on_launch": false,
            "id": "subnet-06c4b410bd8fb0927",
            "ipv6_cidr_block": "",
            "ipv6_cidr_block_association_id": "",
            "ipv6_native": false,
            "map_customer_owned_ip_on_launch": false,
            "map_public_ip_on_launch": false,
            "outpost_arn": "",
            "owner_id": "975050050239",
            "private_dns_hostname_type_on_launch": "ip-name",
            "tags": {
              "Name": "my-vpc-public-ap-northeast-1a"
            },
            "tags_all": {
              "Name": "my-vpc-public-ap-northeast-1a"
            },
            "timeouts": null,
            "vpc_id": "vpc-0acea5dbfa5ff7910"
          },
          "sensitive_attributes": [],
          "private": "eyJlMmJmYjczMC1lY2FhLTExZTYtOGY4OC0zNDM2M2JjN2M0YzAiOnsiY3JlYXRlIjo2MDAwMDAwMDAwMDAsImRlbGV0ZSI6MTIwMDAwMDAwMDAwMH0sInNjaGVtYV92ZXJzaW9uIjoiMSJ9",
          "dependencies": [
            "module.vpc.aws_vpc.this",
            "module.vpc.aws_vpc_ipv4_cidr_block_association.this"
          ]
        }
      ]
    },
    {
      "module": "module.vpc",
      "mode": "managed",
      "type": "aws_vpc",
      "name": "this",
      "provider": "provider[\"registry.terraform.io/hashicorp/aws\"]",
      "instances": [
        {
          "index_key": 0,
          "schema_version": 1,
          "attributes": {
            "arn": "arn:aws:ec2:ap-northeast-1:975050050239:vpc/vpc-0acea5dbfa5ff7910",
            "assign_generated_ipv6_cidr_block": false,
            "cidr_block": "10.0.0.0/16",
            "default_network_acl_id": "acl-06aeaf9d1232796d1",
            "default_route_table_id": "rtb-065342c000991fbf5",
            "default_security_group_id": "sg-0a2c3ee1b76a014f3",
            "dhcp_options_id": "dopt-06b5cfe0707980a9c",
            "enable_dns_hostnames": true,
            "enable_dns_support": true,
            "enable_network_address_usage_metrics": false,
            "id": "vpc-0acea5dbfa5ff7910",
            "instance_tenancy": "default",
            "ipv4_ipam_pool_id": null,
            "ipv4_netmask_length": null,
            "ipv6_association_id": "",
            "ipv6_cidr_block": "",
            "ipv6_cidr_block_network_border_group": "",
            "ipv6_ipam_pool_id": "",
            "ipv6_netmask_length": 0,
            "main_route_table_id": "rtb-065342c000991fbf5",
            "owner_id": "975050050239",
            "tags": {
              "Name": "my-vpc"
            },
            "tags_all": {
              "Name": "my-vpc"
            }
          },
          "sensitive_attributes": [],
          "private": "eyJzY2hlbWFfdmVyc2lvbiI6IjEifQ=="
        }
      ]
    }
  ],
  "check_results": null
}
